
Microsoft Visual Studio Solution File, Format Version 11.00
# Visual Studio 2010
Project("{FAE04EC0-301F-11D3-BF4B-00C04F79EFBC}") = "Rock.REST", "Rock.REST.csproj", "{A6665DDC-22FA-41B0-ADA8-E00E367DB41D}"
EndProject
Project("{FAE04EC0-301F-11D3-BF4B-00C04F79EFBC}") = "Rock.Framework", "..\Rock.Framework\Rock.Framework.csproj", "{8F8C2A79-24F4-4157-8B99-45F75FA85799}"
EndProject
Project("{FAE04EC0-301F-11D3-BF4B-00C04F79EFBC}") = "Rock.DataTransferObjects", "..\Rock.DataTransferObjects\Rock.DataTransferObjects.csproj", "{2BBF8883-7C46-42E3-9F7F-7B1B6CD7D9F5}"
EndProject
Global
	GlobalSection(SolutionConfigurationPlatforms) = preSolution
		Debug|Any CPU = Debug|Any CPU
		Release|Any CPU = Release|Any CPU
	EndGlobalSection
	GlobalSection(ProjectConfigurationPlatforms) = postSolution
		{A6665DDC-22FA-41B0-ADA8-E00E367DB41D}.Debug|Any CPU.ActiveCfg = Debug|Any CPU
		{A6665DDC-22FA-41B0-ADA8-E00E367DB41D}.Debug|Any CPU.Build.0 = Debug|Any CPU
		{A6665DDC-22FA-41B0-ADA8-E00E367DB41D}.Release|Any CPU.ActiveCfg = Release|Any CPU
		{A6665DDC-22FA-41B0-ADA8-E00E367DB41D}.Release|Any CPU.Build.0 = Release|Any CPU
		{8F8C2A79-24F4-4157-8B99-45F75FA85799}.Debug|Any CPU.ActiveCfg = Debug|Any CPU
		{8F8C2A79-24F4-4157-8B99-45F75FA85799}.Debug|Any CPU.Build.0 = Debug|Any CPU
		{8F8C2A79-24F4-4157-8B99-45F75FA85799}.Release|Any CPU.ActiveCfg = Release|Any CPU
		{8F8C2A79-24F4-4157-8B99-45F75FA85799}.Release|Any CPU.Build.0 = Release|Any CPU
		{2BBF8883-7C46-42E3-9F7F-7B1B6CD7D9F5}.Debug|Any CPU.ActiveCfg = Debug|Any CPU
		{2BBF8883-7C46-42E3-9F7F-7B1B6CD7D9F5}.Debug|Any CPU.Build.0 = Debug|Any CPU
		{2BBF8883-7C46-42E3-9F7F-7B1B6CD7D9F5}.Release|Any CPU.ActiveCfg = Release|Any CPU
		{2BBF8883-7C46-42E3-9F7F-7B1B6CD7D9F5}.Release|Any CPU.Build.0 = Release|Any CPU
	EndGlobalSection
	GlobalSection(SolutionProperties) = preSolution
		HideSolutionNode = FALSE
	EndGlobalSection
EndGlobal
