
Microsoft Visual Studio Solution File, Format Version 12.00
# Visual Studio 2012
Project("{FAE04EC0-301F-11D3-BF4B-00C04F79EFBC}") = "MyFirstRockLibrary", "MyFirstRockLibrary\MyFirstRockLibrary.csproj", "{2E05EF88-1898-499C-ABAF-AD91185E2F5F}"
EndProject
Project("{E24C65DC-7377-472B-9ABA-BC803B73C61A}") = "RockWeb(2)", "http://localhost:64710", "{07154BD5-EB27-490D-ABB6-A35058DA0D5C}"
	ProjectSection(WebsiteProperties) = preProject
		UseIISExpress = "true"
		TargetFrameworkMoniker = ".NETFramework,Version%3Dv4.5"
		ProjectReferences = "{2e05ef88-1898-499c-abaf-ad91185e2f5f}|MyFirstRockLibrary.dll;"
		Debug.AspNetCompiler.VirtualPath = "/RockWeb"
		Debug.AspNetCompiler.PhysicalPath = "..\RockWeb\"
		Debug.AspNetCompiler.TargetPath = "PrecompiledWeb\RockWeb\"
		Debug.AspNetCompiler.Updateable = "true"
		Debug.AspNetCompiler.ForceOverwrite = "true"
		Debug.AspNetCompiler.FixedNames = "false"
		Debug.AspNetCompiler.Debug = "True"
		Release.AspNetCompiler.VirtualPath = "/RockWeb"
		Release.AspNetCompiler.PhysicalPath = "..\RockWeb\"
		Release.AspNetCompiler.TargetPath = "PrecompiledWeb\RockWeb\"
		Release.AspNetCompiler.Updateable = "true"
		Release.AspNetCompiler.ForceOverwrite = "true"
		Release.AspNetCompiler.FixedNames = "false"
		Release.AspNetCompiler.Debug = "False"
		SlnRelativePath = "..\RockWeb\"
	EndProjectSection
EndProject
Global
	GlobalSection(SolutionConfigurationPlatforms) = preSolution
		Debug|Any CPU = Debug|Any CPU
		Release|Any CPU = Release|Any CPU
	EndGlobalSection
	GlobalSection(ProjectConfigurationPlatforms) = postSolution
		{2E05EF88-1898-499C-ABAF-AD91185E2F5F}.Debug|Any CPU.ActiveCfg = Debug|Any CPU
		{2E05EF88-1898-499C-ABAF-AD91185E2F5F}.Debug|Any CPU.Build.0 = Debug|Any CPU
		{2E05EF88-1898-499C-ABAF-AD91185E2F5F}.Release|Any CPU.ActiveCfg = Release|Any CPU
		{2E05EF88-1898-499C-ABAF-AD91185E2F5F}.Release|Any CPU.Build.0 = Release|Any CPU
		{07154BD5-EB27-490D-ABB6-A35058DA0D5C}.Debug|Any CPU.ActiveCfg = Debug|Any CPU
		{07154BD5-EB27-490D-ABB6-A35058DA0D5C}.Debug|Any CPU.Build.0 = Debug|Any CPU
		{07154BD5-EB27-490D-ABB6-A35058DA0D5C}.Release|Any CPU.ActiveCfg = Debug|Any CPU
		{07154BD5-EB27-490D-ABB6-A35058DA0D5C}.Release|Any CPU.Build.0 = Debug|Any CPU
	EndGlobalSection
	GlobalSection(SolutionProperties) = preSolution
		HideSolutionNode = FALSE
	EndGlobalSection
EndGlobal
