Microsoft Visual Studio Solution File, Format Version 12.00
# Visual Studio 2013
VisualStudioVersion = 12.0.31101.0
MinimumVisualStudioVersion = 10.0.40219.1
Project("{E24C65DC-7377-472B-9ABA-BC803B73C61A}") = "RockWeb(2)", "http://localhost:50345", "{22348267-9BDF-4B5E-BB6E-37B5FA770224}"
	ProjectSection(WebsiteProperties) = preProject
		UseIISExpress = "true"
		TargetFrameworkMoniker = ".NETFramework,Version%3Dv4.5.1"
		ProjectReferences = "{496ec024-71ed-4ad1-b677-2a3fa60ccd05}|church.ccv.SampleProject.dll;{a5b47749-d8b2-4223-822b-26208bce34f4}|church.ccv.CommandCenter.dll;{10702916-bb67-4be9-a507-e1f8932bd05f}|church.ccv.Authentication.dll;{629a186e-1ed2-49bc-95d4-76d65950ae73}|church.ccv.Residency.dll;{8f8c2a79-24f4-4157-8b99-45f75fa85799}|Rock.dll;{b89dfd33-ce93-44e1-8616-c31acdfe89cb}|Rock.Rest.dll;{CB9372CD-9C1D-47AB-92D8-702D4D68324F}|DotLiquid.dll;{f9f3319c-19d7-43a8-bc3a-4781b0b3f281}|church.ccv.Hr.dll;{8280012c-bb74-46ab-baa7-8a4004570829}|church.ccv.Datamart.dll;{9199bfe3-3c75-486b-afa0-d043da822afa}|church.ccv.Utility.dll;"
		Debug.AspNetCompiler.VirtualPath = "/localhost_50345"
		Debug.AspNetCompiler.PhysicalPath = "RockWeb\"
		Debug.AspNetCompiler.TargetPath = "PrecompiledWeb\localhost_50345\"
		Debug.AspNetCompiler.Updateable = "true"
		Debug.AspNetCompiler.ForceOverwrite = "true"
		Debug.AspNetCompiler.FixedNames = "false"
		Debug.AspNetCompiler.Debug = "True"
		Release.AspNetCompiler.VirtualPath = "/localhost_50345"
		Release.AspNetCompiler.PhysicalPath = "RockWeb\"
		Release.AspNetCompiler.TargetPath = "PrecompiledWeb\localhost_50345\"
		Release.AspNetCompiler.Updateable = "true"
		Release.AspNetCompiler.ForceOverwrite = "true"
		Release.AspNetCompiler.FixedNames = "false"
		Release.AspNetCompiler.Debug = "False"
		SlnRelativePath = "RockWeb\"
	EndProjectSection
EndProject
Project("{FAE04EC0-301F-11D3-BF4B-00C04F79EFBC}") = "church.ccv.SampleProject", "church.ccv.SampleProject\church.ccv.SampleProject.csproj", "{496EC024-71ED-4AD1-B677-2A3FA60CCD05}"
EndProject
Project("{FAE04EC0-301F-11D3-BF4B-00C04F79EFBC}") = "church.ccv.Authentication", "church.ccv.Authentication\church.ccv.Authentication.csproj", "{10702916-BB67-4BE9-A507-E1F8932BD05F}"
EndProject
Project("{FAE04EC0-301F-11D3-BF4B-00C04F79EFBC}") = "church.ccv.CommandCenter", "church.ccv.CommandCenter\church.ccv.CommandCenter.csproj", "{A5B47749-D8B2-4223-822B-26208BCE34F4}"
EndProject
Project("{FAE04EC0-301F-11D3-BF4B-00C04F79EFBC}") = "church.ccv.Residency", "church.ccv.Residency\church.ccv.Residency.csproj", "{629A186E-1ED2-49BC-95D4-76D65950AE73}"
EndProject
Project("{FAE04EC0-301F-11D3-BF4B-00C04F79EFBC}") = "Rock", "Rock\Rock.csproj", "{8F8C2A79-24F4-4157-8B99-45F75FA85799}"
EndProject
Project("{FAE04EC0-301F-11D3-BF4B-00C04F79EFBC}") = "Rock.Rest", "Rock.Rest\Rock.Rest.csproj", "{B89DFD33-CE93-44E1-8616-C31ACDFE89CB}"
EndProject
Project("{FAE04EC0-301F-11D3-BF4B-00C04F79EFBC}") = "DotLiquid", "DotLiquid\DotLiquid.csproj", "{CB9372CD-9C1D-47AB-92D8-702D4D68324F}"
EndProject
Project("{FAE04EC0-301F-11D3-BF4B-00C04F79EFBC}") = "church.ccv.Hr", "church.ccv.Hr\church.ccv.Hr.csproj", "{F9F3319C-19D7-43A8-BC3A-4781B0B3F281}"
EndProject
Project("{FAE04EC0-301F-11D3-BF4B-00C04F79EFBC}") = "church.ccv.Datamart", "church.ccv.Datamart\church.ccv.Datamart.csproj", "{8280012C-BB74-46AB-BAA7-8A4004570829}"
EndProject
Project("{FAE04EC0-301F-11D3-BF4B-00C04F79EFBC}") = "church.ccv.Utility", "church.ccv.Utility\church.ccv.Utility.csproj", "{9199BFE3-3C75-486B-AFA0-D043DA822AFA}"
EndProject
Global
	GlobalSection(SolutionConfigurationPlatforms) = preSolution
		Debug|Any CPU = Debug|Any CPU
		Release|Any CPU = Release|Any CPU
	EndGlobalSection
	GlobalSection(ProjectConfigurationPlatforms) = postSolution
		{22348267-9BDF-4B5E-BB6E-37B5FA770224}.Debug|Any CPU.ActiveCfg = Debug|Any CPU
		{22348267-9BDF-4B5E-BB6E-37B5FA770224}.Debug|Any CPU.Build.0 = Debug|Any CPU
		{22348267-9BDF-4B5E-BB6E-37B5FA770224}.Release|Any CPU.ActiveCfg = Debug|Any CPU
		{22348267-9BDF-4B5E-BB6E-37B5FA770224}.Release|Any CPU.Build.0 = Debug|Any CPU
		{496EC024-71ED-4AD1-B677-2A3FA60CCD05}.Debug|Any CPU.ActiveCfg = Debug|Any CPU
		{496EC024-71ED-4AD1-B677-2A3FA60CCD05}.Debug|Any CPU.Build.0 = Debug|Any CPU
		{496EC024-71ED-4AD1-B677-2A3FA60CCD05}.Release|Any CPU.ActiveCfg = Release|Any CPU
		{496EC024-71ED-4AD1-B677-2A3FA60CCD05}.Release|Any CPU.Build.0 = Release|Any CPU
		{10702916-BB67-4BE9-A507-E1F8932BD05F}.Debug|Any CPU.ActiveCfg = Debug|Any CPU
		{10702916-BB67-4BE9-A507-E1F8932BD05F}.Debug|Any CPU.Build.0 = Debug|Any CPU
		{10702916-BB67-4BE9-A507-E1F8932BD05F}.Release|Any CPU.ActiveCfg = Release|Any CPU
		{10702916-BB67-4BE9-A507-E1F8932BD05F}.Release|Any CPU.Build.0 = Release|Any CPU
		{A5B47749-D8B2-4223-822B-26208BCE34F4}.Debug|Any CPU.ActiveCfg = Debug|Any CPU
		{A5B47749-D8B2-4223-822B-26208BCE34F4}.Debug|Any CPU.Build.0 = Debug|Any CPU
		{A5B47749-D8B2-4223-822B-26208BCE34F4}.Release|Any CPU.ActiveCfg = Release|Any CPU
		{A5B47749-D8B2-4223-822B-26208BCE34F4}.Release|Any CPU.Build.0 = Release|Any CPU
		{629A186E-1ED2-49BC-95D4-76D65950AE73}.Debug|Any CPU.ActiveCfg = Debug|Any CPU
		{629A186E-1ED2-49BC-95D4-76D65950AE73}.Debug|Any CPU.Build.0 = Debug|Any CPU
		{629A186E-1ED2-49BC-95D4-76D65950AE73}.Release|Any CPU.ActiveCfg = Release|Any CPU
		{629A186E-1ED2-49BC-95D4-76D65950AE73}.Release|Any CPU.Build.0 = Release|Any CPU
		{8F8C2A79-24F4-4157-8B99-45F75FA85799}.Debug|Any CPU.ActiveCfg = Debug|Any CPU
		{8F8C2A79-24F4-4157-8B99-45F75FA85799}.Debug|Any CPU.Build.0 = Debug|Any CPU
		{8F8C2A79-24F4-4157-8B99-45F75FA85799}.Release|Any CPU.ActiveCfg = Release|Any CPU
		{8F8C2A79-24F4-4157-8B99-45F75FA85799}.Release|Any CPU.Build.0 = Release|Any CPU
		{B89DFD33-CE93-44E1-8616-C31ACDFE89CB}.Debug|Any CPU.ActiveCfg = Debug|Any CPU
		{B89DFD33-CE93-44E1-8616-C31ACDFE89CB}.Debug|Any CPU.Build.0 = Debug|Any CPU
		{B89DFD33-CE93-44E1-8616-C31ACDFE89CB}.Release|Any CPU.ActiveCfg = Release|Any CPU
		{B89DFD33-CE93-44E1-8616-C31ACDFE89CB}.Release|Any CPU.Build.0 = Release|Any CPU
		{CB9372CD-9C1D-47AB-92D8-702D4D68324F}.Debug|Any CPU.ActiveCfg = Debug|Any CPU
		{CB9372CD-9C1D-47AB-92D8-702D4D68324F}.Debug|Any CPU.Build.0 = Debug|Any CPU
		{CB9372CD-9C1D-47AB-92D8-702D4D68324F}.Release|Any CPU.ActiveCfg = Release|Any CPU
		{CB9372CD-9C1D-47AB-92D8-702D4D68324F}.Release|Any CPU.Build.0 = Release|Any CPU
		{F9F3319C-19D7-43A8-BC3A-4781B0B3F281}.Debug|Any CPU.ActiveCfg = Debug|Any CPU
		{F9F3319C-19D7-43A8-BC3A-4781B0B3F281}.Debug|Any CPU.Build.0 = Debug|Any CPU
		{F9F3319C-19D7-43A8-BC3A-4781B0B3F281}.Release|Any CPU.ActiveCfg = Release|Any CPU
		{F9F3319C-19D7-43A8-BC3A-4781B0B3F281}.Release|Any CPU.Build.0 = Release|Any CPU
		{8280012C-BB74-46AB-BAA7-8A4004570829}.Debug|Any CPU.ActiveCfg = Debug|Any CPU
		{8280012C-BB74-46AB-BAA7-8A4004570829}.Debug|Any CPU.Build.0 = Debug|Any CPU
		{8280012C-BB74-46AB-BAA7-8A4004570829}.Release|Any CPU.ActiveCfg = Release|Any CPU
		{8280012C-BB74-46AB-BAA7-8A4004570829}.Release|Any CPU.Build.0 = Release|Any CPU
		{9199BFE3-3C75-486B-AFA0-D043DA822AFA}.Debug|Any CPU.ActiveCfg = Debug|Any CPU
		{9199BFE3-3C75-486B-AFA0-D043DA822AFA}.Debug|Any CPU.Build.0 = Debug|Any CPU
		{9199BFE3-3C75-486B-AFA0-D043DA822AFA}.Release|Any CPU.ActiveCfg = Release|Any CPU
		{9199BFE3-3C75-486B-AFA0-D043DA822AFA}.Release|Any CPU.Build.0 = Release|Any CPU
	EndGlobalSection
	GlobalSection(SolutionProperties) = preSolution
		HideSolutionNode = FALSE
	EndGlobalSection
EndGlobal
