
Microsoft Visual Studio Solution File, Format Version 12.00
# Visual Studio 2012
Project("{FAE04EC0-301F-11D3-BF4B-00C04F79EFBC}") = "Rock", "Rock\Rock.csproj", "{8F8C2A79-24F4-4157-8B99-45F75FA85799}"
EndProject
Project("{FAE04EC0-301F-11D3-BF4B-00C04F79EFBC}") = "Quartz", "Quartz\Quartz.csproj", "{AEF8823B-E45B-4B35-A4D0-C08C1196D017}"
EndProject
Project("{FAE04EC0-301F-11D3-BF4B-00C04F79EFBC}") = "RockJobSchedulerService", "RockJobSchedulerService\RockJobSchedulerService.csproj", "{40A78663-3080-4A9D-9E11-38A188555C87}"
EndProject
Project("{FAE04EC0-301F-11D3-BF4B-00C04F79EFBC}") = "Rock.Rest", "Rock.Rest\Rock.Rest.csproj", "{B89DFD33-CE93-44E1-8616-C31ACDFE89CB}"
EndProject
Project("{2150E333-8FDC-42A3-9474-1A3956D46DE8}") = "Solution Items", "Solution Items", "{CEF5DC8B-8F73-4CA9-A93F-554338D3EBB0}"
	ProjectSection(SolutionItems) = preProject
		Local.testsettings = Local.testsettings
		Rock.vsmdi = Rock.vsmdi
		Settings.StyleCop = Settings.StyleCop
		TraceAndTestImpact.testsettings = TraceAndTestImpact.testsettings
	EndProjectSection
EndProject
Project("{FAE04EC0-301F-11D3-BF4B-00C04F79EFBC}") = "Rock.Tests", "Rock.Tests\Rock.Tests.csproj", "{6DF0A8C5-8A1F-477E-B382-2A40EF8B213D}"
EndProject
Project("{E24C65DC-7377-472B-9ABA-BC803B73C61A}") = "RockWeb", "http://localhost:6229", "{3ADB92E5-342B-458D-B779-369FC8A66CF6}"
	ProjectSection(WebsiteProperties) = preProject
		UseIISExpress = "true"
		TargetFrameworkMoniker = ".NETFramework,Version%3Dv4.5"
		ProjectReferences = "{8F8C2A79-24F4-4157-8B99-45F75FA85799}|Rock.dll;{AEF8823B-E45B-4B35-A4D0-C08C1196D017}|Quartz.dll;{b89dfd33-ce93-44e1-8616-c31acdfe89cb}|Rock.Rest.dll;"
		Debug.AspNetCompiler.VirtualPath = "/RockWeb"
		Debug.AspNetCompiler.PhysicalPath = "RockWeb\"
		Debug.AspNetCompiler.TargetPath = "PrecompiledWeb\RockWeb\"
		Debug.AspNetCompiler.Updateable = "true"
		Debug.AspNetCompiler.ForceOverwrite = "true"
		Debug.AspNetCompiler.FixedNames = "false"
		Debug.AspNetCompiler.Debug = "True"
		Release.AspNetCompiler.VirtualPath = "/RockWeb"
		Release.AspNetCompiler.PhysicalPath = "RockWeb\"
		Release.AspNetCompiler.TargetPath = "PrecompiledWeb\RockWeb\"
		Release.AspNetCompiler.Updateable = "true"
		Release.AspNetCompiler.ForceOverwrite = "true"
		Release.AspNetCompiler.FixedNames = "false"
		Release.AspNetCompiler.Debug = "False"
		SlnRelativePath = "RockWeb\"
		DefaultWebSiteLanguage = "Visual C#"
	EndProjectSection
EndProject
Project("{FAE04EC0-301F-11D3-BF4B-00C04F79EFBC}") = "Rock.PayFlowPro", "Rock.PayFlowPro\Rock.PayFlowPro.csproj", "{05F3587D-86DD-4CF3-A80A-D8CF598E1FD1}"
EndProject
Global
	GlobalSection(TestCaseManagementSettings) = postSolution
		CategoryFile = Rock.vsmdi
	EndGlobalSection
	GlobalSection(SolutionConfigurationPlatforms) = preSolution
		Debug|Any CPU = Debug|Any CPU
		Debug|Mixed Platforms = Debug|Mixed Platforms
		Debug|x86 = Debug|x86
		Release|Any CPU = Release|Any CPU
		Release|Mixed Platforms = Release|Mixed Platforms
		Release|x86 = Release|x86
	EndGlobalSection
	GlobalSection(ProjectConfigurationPlatforms) = postSolution
		{8F8C2A79-24F4-4157-8B99-45F75FA85799}.Debug|Any CPU.ActiveCfg = Debug|Any CPU
		{8F8C2A79-24F4-4157-8B99-45F75FA85799}.Debug|Any CPU.Build.0 = Debug|Any CPU
		{8F8C2A79-24F4-4157-8B99-45F75FA85799}.Debug|Mixed Platforms.ActiveCfg = Debug|Any CPU
		{8F8C2A79-24F4-4157-8B99-45F75FA85799}.Debug|Mixed Platforms.Build.0 = Debug|Any CPU
		{8F8C2A79-24F4-4157-8B99-45F75FA85799}.Debug|x86.ActiveCfg = Debug|Any CPU
		{8F8C2A79-24F4-4157-8B99-45F75FA85799}.Release|Any CPU.ActiveCfg = Release|Any CPU
		{8F8C2A79-24F4-4157-8B99-45F75FA85799}.Release|Any CPU.Build.0 = Release|Any CPU
		{8F8C2A79-24F4-4157-8B99-45F75FA85799}.Release|Mixed Platforms.ActiveCfg = Release|Any CPU
		{8F8C2A79-24F4-4157-8B99-45F75FA85799}.Release|Mixed Platforms.Build.0 = Release|Any CPU
		{8F8C2A79-24F4-4157-8B99-45F75FA85799}.Release|x86.ActiveCfg = Release|Any CPU
		{AEF8823B-E45B-4B35-A4D0-C08C1196D017}.Debug|Any CPU.ActiveCfg = Debug|Any CPU
		{AEF8823B-E45B-4B35-A4D0-C08C1196D017}.Debug|Any CPU.Build.0 = Debug|Any CPU
		{AEF8823B-E45B-4B35-A4D0-C08C1196D017}.Debug|Mixed Platforms.ActiveCfg = Debug|Any CPU
		{AEF8823B-E45B-4B35-A4D0-C08C1196D017}.Debug|Mixed Platforms.Build.0 = Debug|Any CPU
		{AEF8823B-E45B-4B35-A4D0-C08C1196D017}.Debug|x86.ActiveCfg = Debug|Any CPU
		{AEF8823B-E45B-4B35-A4D0-C08C1196D017}.Release|Any CPU.ActiveCfg = Release|Any CPU
		{AEF8823B-E45B-4B35-A4D0-C08C1196D017}.Release|Any CPU.Build.0 = Release|Any CPU
		{AEF8823B-E45B-4B35-A4D0-C08C1196D017}.Release|Mixed Platforms.ActiveCfg = Release|Any CPU
		{AEF8823B-E45B-4B35-A4D0-C08C1196D017}.Release|Mixed Platforms.Build.0 = Release|Any CPU
		{AEF8823B-E45B-4B35-A4D0-C08C1196D017}.Release|x86.ActiveCfg = Release|Any CPU
		{40A78663-3080-4A9D-9E11-38A188555C87}.Debug|Any CPU.ActiveCfg = Debug|x86
		{40A78663-3080-4A9D-9E11-38A188555C87}.Debug|Mixed Platforms.ActiveCfg = Debug|x86
		{40A78663-3080-4A9D-9E11-38A188555C87}.Debug|Mixed Platforms.Build.0 = Debug|x86
		{40A78663-3080-4A9D-9E11-38A188555C87}.Debug|x86.ActiveCfg = Debug|x86
		{40A78663-3080-4A9D-9E11-38A188555C87}.Debug|x86.Build.0 = Debug|x86
		{40A78663-3080-4A9D-9E11-38A188555C87}.Release|Any CPU.ActiveCfg = Release|x86
		{40A78663-3080-4A9D-9E11-38A188555C87}.Release|Mixed Platforms.ActiveCfg = Release|x86
		{40A78663-3080-4A9D-9E11-38A188555C87}.Release|Mixed Platforms.Build.0 = Release|x86
		{40A78663-3080-4A9D-9E11-38A188555C87}.Release|x86.ActiveCfg = Release|x86
		{40A78663-3080-4A9D-9E11-38A188555C87}.Release|x86.Build.0 = Release|x86
		{B89DFD33-CE93-44E1-8616-C31ACDFE89CB}.Debug|Any CPU.ActiveCfg = Debug|Any CPU
		{B89DFD33-CE93-44E1-8616-C31ACDFE89CB}.Debug|Any CPU.Build.0 = Debug|Any CPU
		{B89DFD33-CE93-44E1-8616-C31ACDFE89CB}.Debug|Mixed Platforms.ActiveCfg = Debug|Any CPU
		{B89DFD33-CE93-44E1-8616-C31ACDFE89CB}.Debug|Mixed Platforms.Build.0 = Debug|Any CPU
		{B89DFD33-CE93-44E1-8616-C31ACDFE89CB}.Debug|x86.ActiveCfg = Debug|Any CPU
		{B89DFD33-CE93-44E1-8616-C31ACDFE89CB}.Release|Any CPU.ActiveCfg = Release|Any CPU
		{B89DFD33-CE93-44E1-8616-C31ACDFE89CB}.Release|Any CPU.Build.0 = Release|Any CPU
		{B89DFD33-CE93-44E1-8616-C31ACDFE89CB}.Release|Mixed Platforms.ActiveCfg = Release|Any CPU
		{B89DFD33-CE93-44E1-8616-C31ACDFE89CB}.Release|Mixed Platforms.Build.0 = Release|Any CPU
		{B89DFD33-CE93-44E1-8616-C31ACDFE89CB}.Release|x86.ActiveCfg = Release|Any CPU
		{6DF0A8C5-8A1F-477E-B382-2A40EF8B213D}.Debug|Any CPU.ActiveCfg = Debug|Any CPU
		{6DF0A8C5-8A1F-477E-B382-2A40EF8B213D}.Debug|Any CPU.Build.0 = Debug|Any CPU
		{6DF0A8C5-8A1F-477E-B382-2A40EF8B213D}.Debug|Mixed Platforms.ActiveCfg = Debug|Any CPU
		{6DF0A8C5-8A1F-477E-B382-2A40EF8B213D}.Debug|Mixed Platforms.Build.0 = Debug|Any CPU
		{6DF0A8C5-8A1F-477E-B382-2A40EF8B213D}.Debug|x86.ActiveCfg = Debug|Any CPU
		{6DF0A8C5-8A1F-477E-B382-2A40EF8B213D}.Release|Any CPU.ActiveCfg = Release|Any CPU
		{6DF0A8C5-8A1F-477E-B382-2A40EF8B213D}.Release|Any CPU.Build.0 = Release|Any CPU
		{6DF0A8C5-8A1F-477E-B382-2A40EF8B213D}.Release|Mixed Platforms.ActiveCfg = Release|Any CPU
		{6DF0A8C5-8A1F-477E-B382-2A40EF8B213D}.Release|Mixed Platforms.Build.0 = Release|Any CPU
		{6DF0A8C5-8A1F-477E-B382-2A40EF8B213D}.Release|x86.ActiveCfg = Release|Any CPU
		{3ADB92E5-342B-458D-B779-369FC8A66CF6}.Debug|Any CPU.ActiveCfg = Debug|Any CPU
		{3ADB92E5-342B-458D-B779-369FC8A66CF6}.Debug|Any CPU.Build.0 = Debug|Any CPU
		{3ADB92E5-342B-458D-B779-369FC8A66CF6}.Debug|Mixed Platforms.ActiveCfg = Debug|Any CPU
		{3ADB92E5-342B-458D-B779-369FC8A66CF6}.Debug|Mixed Platforms.Build.0 = Debug|Any CPU
		{3ADB92E5-342B-458D-B779-369FC8A66CF6}.Debug|x86.ActiveCfg = Debug|Any CPU
		{3ADB92E5-342B-458D-B779-369FC8A66CF6}.Release|Any CPU.ActiveCfg = Debug|Any CPU
		{3ADB92E5-342B-458D-B779-369FC8A66CF6}.Release|Any CPU.Build.0 = Debug|Any CPU
		{3ADB92E5-342B-458D-B779-369FC8A66CF6}.Release|Mixed Platforms.ActiveCfg = Debug|Any CPU
		{3ADB92E5-342B-458D-B779-369FC8A66CF6}.Release|Mixed Platforms.Build.0 = Debug|Any CPU
		{3ADB92E5-342B-458D-B779-369FC8A66CF6}.Release|x86.ActiveCfg = Debug|Any CPU
		{05F3587D-86DD-4CF3-A80A-D8CF598E1FD1}.Debug|Any CPU.ActiveCfg = Debug|Any CPU
		{05F3587D-86DD-4CF3-A80A-D8CF598E1FD1}.Debug|Any CPU.Build.0 = Debug|Any CPU
		{05F3587D-86DD-4CF3-A80A-D8CF598E1FD1}.Debug|Mixed Platforms.ActiveCfg = Debug|Any CPU
		{05F3587D-86DD-4CF3-A80A-D8CF598E1FD1}.Debug|Mixed Platforms.Build.0 = Debug|Any CPU
		{05F3587D-86DD-4CF3-A80A-D8CF598E1FD1}.Debug|x86.ActiveCfg = Debug|Any CPU
		{05F3587D-86DD-4CF3-A80A-D8CF598E1FD1}.Release|Any CPU.ActiveCfg = Release|Any CPU
		{05F3587D-86DD-4CF3-A80A-D8CF598E1FD1}.Release|Any CPU.Build.0 = Release|Any CPU
		{05F3587D-86DD-4CF3-A80A-D8CF598E1FD1}.Release|Mixed Platforms.ActiveCfg = Release|Any CPU
		{05F3587D-86DD-4CF3-A80A-D8CF598E1FD1}.Release|Mixed Platforms.Build.0 = Release|Any CPU
		{05F3587D-86DD-4CF3-A80A-D8CF598E1FD1}.Release|x86.ActiveCfg = Release|Any CPU
	EndGlobalSection
	GlobalSection(SolutionProperties) = preSolution
		HideSolutionNode = FALSE
	EndGlobalSection
EndGlobal
