Microsoft Visual Studio Solution File, Format Version 12.00
# Visual Studio 2013
VisualStudioVersion = 12.0.21005.1
MinimumVisualStudioVersion = 10.0.40219.1
Project("{E24C65DC-7377-472B-9ABA-BC803B73C61A}") = "RockWeb(2)", "http://localhost:50345", "{22348267-9BDF-4B5E-BB6E-37B5FA770224}"
	ProjectSection(WebsiteProperties) = preProject
		UseIISExpress = "true"
		TargetFrameworkMoniker = ".NETFramework,Version%3Dv4.5.1"
		ProjectReferences = "{496ec024-71ed-4ad1-b677-2a3fa60ccd05}|com.CcvOnline.SampleProject.dll;{83775A9E-0455-4801-B1EF-DC70D786D09B}|com.CcvOnline.dll;"
		Debug.AspNetCompiler.VirtualPath = "/localhost_50345"
		Debug.AspNetCompiler.PhysicalPath = "RockWeb\"
		Debug.AspNetCompiler.TargetPath = "PrecompiledWeb\localhost_50345\"
		Debug.AspNetCompiler.Updateable = "true"
		Debug.AspNetCompiler.ForceOverwrite = "true"
		Debug.AspNetCompiler.FixedNames = "false"
		Debug.AspNetCompiler.Debug = "True"
		Release.AspNetCompiler.VirtualPath = "/localhost_50345"
		Release.AspNetCompiler.PhysicalPath = "RockWeb\"
		Release.AspNetCompiler.TargetPath = "PrecompiledWeb\localhost_50345\"
		Release.AspNetCompiler.Updateable = "true"
		Release.AspNetCompiler.ForceOverwrite = "true"
		Release.AspNetCompiler.FixedNames = "false"
		Release.AspNetCompiler.Debug = "False"
		SlnRelativePath = "RockWeb\"
	EndProjectSection
EndProject
Project("{FAE04EC0-301F-11D3-BF4B-00C04F79EFBC}") = "com.CcvOnline.SampleProject", "com.CcvOnline.SampleProject\com.CcvOnline.SampleProject.csproj", "{496EC024-71ED-4AD1-B677-2A3FA60CCD05}"
EndProject
Project("{FAE04EC0-301F-11D3-BF4B-00C04F79EFBC}") = "com.CcvOnline", "com.CcvOnline\com.CcvOnline.csproj", "{83775A9E-0455-4801-B1EF-DC70D786D09B}"
EndProject
Global
	GlobalSection(SolutionConfigurationPlatforms) = preSolution
		Debug|Any CPU = Debug|Any CPU
		Release|Any CPU = Release|Any CPU
	EndGlobalSection
	GlobalSection(ProjectConfigurationPlatforms) = postSolution
		{22348267-9BDF-4B5E-BB6E-37B5FA770224}.Debug|Any CPU.ActiveCfg = Debug|Any CPU
		{22348267-9BDF-4B5E-BB6E-37B5FA770224}.Debug|Any CPU.Build.0 = Debug|Any CPU
		{22348267-9BDF-4B5E-BB6E-37B5FA770224}.Release|Any CPU.ActiveCfg = Debug|Any CPU
		{22348267-9BDF-4B5E-BB6E-37B5FA770224}.Release|Any CPU.Build.0 = Debug|Any CPU
		{496EC024-71ED-4AD1-B677-2A3FA60CCD05}.Debug|Any CPU.ActiveCfg = Debug|Any CPU
		{496EC024-71ED-4AD1-B677-2A3FA60CCD05}.Debug|Any CPU.Build.0 = Debug|Any CPU
		{496EC024-71ED-4AD1-B677-2A3FA60CCD05}.Release|Any CPU.ActiveCfg = Release|Any CPU
		{496EC024-71ED-4AD1-B677-2A3FA60CCD05}.Release|Any CPU.Build.0 = Release|Any CPU
		{83775A9E-0455-4801-B1EF-DC70D786D09B}.Debug|Any CPU.ActiveCfg = Debug|Any CPU
		{83775A9E-0455-4801-B1EF-DC70D786D09B}.Debug|Any CPU.Build.0 = Debug|Any CPU
		{83775A9E-0455-4801-B1EF-DC70D786D09B}.Release|Any CPU.ActiveCfg = Release|Any CPU
		{83775A9E-0455-4801-B1EF-DC70D786D09B}.Release|Any CPU.Build.0 = Release|Any CPU
	EndGlobalSection
	GlobalSection(SolutionProperties) = preSolution
		HideSolutionNode = FALSE
	EndGlobalSection
EndGlobal
