
Microsoft Visual Studio Solution File, Format Version 12.00
# Visual Studio 14
VisualStudioVersion = 14.0.25420.1
MinimumVisualStudioVersion = 10.0.40219.1
Project("{E24C65DC-7377-472B-9ABA-BC803B73C61A}") = "RockWeb", "RockWeb\", "{E43B5D55-BED0-4E74-BF97-9327F9A9D656}"
	ProjectSection(WebsiteProperties) = preProject
		TargetFrameworkMoniker = ".NETFramework,Version%3Dv4.5.2"
		ProjectReferences = "{00edcb8d-ef33-459c-ad62-02876bd24dff}|DotLiquid.dll;{185a31d7-3037-4dae-8797-0459849a84bd}|Rock.dll;{d6b19c0d-da5e-4f75-8001-04ded86b741f}|Rock.Mailgun.dll;{cf8c694a-55a0-434f-bc96-3450b96ec12a}|Rock.Mandrill.dll;{704740d8-b539-4560-9f8c-681670c9d6ad}|Rock.Migrations.dll;{f3692909-952d-4c4a-b2d2-d90d0083cf53}|Rock.NMI.dll;{a005d091-140e-4ec4-bcdf-cf7d42bb702c}|Rock.PayFlowPro.dll;{add1edd0-a4cb-4e82-b6ad-6ad1d556deae}|Rock.Rest.dll;{6fe0930c-6832-4c2f-8a76-d4e4a2d80ddf}|Rock.Version.dll;{1f5956f2-2b0f-49b8-aaf1-2cc28f01426a}|Rock.SignNow.dll;{69AC175C-3997-4514-8C9E-5D24811928C2}|SignNowSDK.dll;{c1dd2402-5fb2-411e-bf8d-5d9cb3a58e8b}|Rock.Slingshot.dll;{962944DE-8BF4-4175-B55A-E75CF7918272}|Rock.Slingshot.Model.dll;"
		Debug.AspNetCompiler.VirtualPath = "/localhost_6229"
		Debug.AspNetCompiler.PhysicalPath = "RockWeb\"
		Debug.AspNetCompiler.TargetPath = "PrecompiledWeb\localhost_6229\"
		Debug.AspNetCompiler.Updateable = "true"
		Debug.AspNetCompiler.ForceOverwrite = "true"
		Debug.AspNetCompiler.FixedNames = "false"
		Debug.AspNetCompiler.Debug = "True"
		Release.AspNetCompiler.VirtualPath = "/localhost_6229"
		Release.AspNetCompiler.PhysicalPath = "RockWeb\"
		Release.AspNetCompiler.TargetPath = "PrecompiledWeb\localhost_6229\"
		Release.AspNetCompiler.Updateable = "true"
		Release.AspNetCompiler.ForceOverwrite = "true"
		Release.AspNetCompiler.FixedNames = "false"
		Release.AspNetCompiler.Debug = "False"
		VWDPort = "6229"
		SlnRelativePath = "RockWeb\"
	EndProjectSection
EndProject
Project("{FAE04EC0-301F-11D3-BF4B-00C04F79EFBC}") = "DotLiquid", "DotLiquid\DotLiquid.csproj", "{00EDCB8D-EF33-459C-AD62-02876BD24DFF}"
EndProject
Project("{FAE04EC0-301F-11D3-BF4B-00C04F79EFBC}") = "Rock", "Rock\Rock.csproj", "{185A31D7-3037-4DAE-8797-0459849A84BD}"
EndProject
Project("{FAE04EC0-301F-11D3-BF4B-00C04F79EFBC}") = "Rock.Mailgun", "Rock.Mailgun\Rock.Mailgun.csproj", "{D6B19C0D-DA5E-4F75-8001-04DED86B741F}"
EndProject
Project("{FAE04EC0-301F-11D3-BF4B-00C04F79EFBC}") = "Rock.Mandrill", "Rock.Mandrill\Rock.Mandrill.csproj", "{CF8C694A-55A0-434F-BC96-3450B96EC12A}"
EndProject
Project("{FAE04EC0-301F-11D3-BF4B-00C04F79EFBC}") = "Rock.Migrations", "Rock.Migrations\Rock.Migrations.csproj", "{704740D8-B539-4560-9F8C-681670C9D6AD}"
EndProject
Project("{FAE04EC0-301F-11D3-BF4B-00C04F79EFBC}") = "Rock.NMI", "Rock.NMI\Rock.NMI.csproj", "{F3692909-952D-4C4A-B2D2-D90D0083CF53}"
EndProject
Project("{FAE04EC0-301F-11D3-BF4B-00C04F79EFBC}") = "Rock.PayFlowPro", "Rock.PayFlowPro\Rock.PayFlowPro.csproj", "{A005D091-140E-4EC4-BCDF-CF7D42BB702C}"
EndProject
Project("{FAE04EC0-301F-11D3-BF4B-00C04F79EFBC}") = "Rock.Rest", "Rock.Rest\Rock.Rest.csproj", "{ADD1EDD0-A4CB-4E82-B6AD-6AD1D556DEAE}"
EndProject
Project("{FAE04EC0-301F-11D3-BF4B-00C04F79EFBC}") = "Rock.Version", "Rock.Version\Rock.Version.csproj", "{6FE0930C-6832-4C2F-8A76-D4E4A2D80DDF}"
EndProject
Project("{FAE04EC0-301F-11D3-BF4B-00C04F79EFBC}") = "Rock.SignNow", "Rock.SignNow\Rock.SignNow.csproj", "{1F5956F2-2B0F-49B8-AAF1-2CC28F01426A}"
EndProject
Project("{FAE04EC0-301F-11D3-BF4B-00C04F79EFBC}") = "SignNowSDK", "SignNowSDK\SignNowSDK.csproj", "{69AC175C-3997-4514-8C9E-5D24811928C2}"
EndProject
Project("{FAE04EC0-301F-11D3-BF4B-00C04F79EFBC}") = "Rock.Slingshot", "Rock.Slingshot\Rock.Slingshot.csproj", "{C1DD2402-5FB2-411E-BF8D-5D9CB3A58E8B}"
EndProject
Project("{FAE04EC0-301F-11D3-BF4B-00C04F79EFBC}") = "Rock.Slingshot.Model", "Rock.Slingshot.Model\Rock.Slingshot.Model.csproj", "{962944DE-8BF4-4175-B55A-E75CF7918272}"
EndProject
Global
	GlobalSection(SolutionConfigurationPlatforms) = preSolution
		Debug|Any CPU = Debug|Any CPU
		Release|Any CPU = Release|Any CPU
	EndGlobalSection
	GlobalSection(ProjectConfigurationPlatforms) = postSolution
		{E43B5D55-BED0-4E74-BF97-9327F9A9D656}.Debug|Any CPU.ActiveCfg = Debug|Any CPU
		{E43B5D55-BED0-4E74-BF97-9327F9A9D656}.Debug|Any CPU.Build.0 = Debug|Any CPU
		{E43B5D55-BED0-4E74-BF97-9327F9A9D656}.Release|Any CPU.ActiveCfg = Debug|Any CPU
		{E43B5D55-BED0-4E74-BF97-9327F9A9D656}.Release|Any CPU.Build.0 = Debug|Any CPU
		{00EDCB8D-EF33-459C-AD62-02876BD24DFF}.Debug|Any CPU.ActiveCfg = Debug|Any CPU
		{00EDCB8D-EF33-459C-AD62-02876BD24DFF}.Debug|Any CPU.Build.0 = Debug|Any CPU
		{00EDCB8D-EF33-459C-AD62-02876BD24DFF}.Release|Any CPU.ActiveCfg = Release|Any CPU
		{00EDCB8D-EF33-459C-AD62-02876BD24DFF}.Release|Any CPU.Build.0 = Release|Any CPU
		{185A31D7-3037-4DAE-8797-0459849A84BD}.Debug|Any CPU.ActiveCfg = Debug|Any CPU
		{185A31D7-3037-4DAE-8797-0459849A84BD}.Debug|Any CPU.Build.0 = Debug|Any CPU
		{185A31D7-3037-4DAE-8797-0459849A84BD}.Release|Any CPU.ActiveCfg = Release|Any CPU
		{185A31D7-3037-4DAE-8797-0459849A84BD}.Release|Any CPU.Build.0 = Release|Any CPU
		{D6B19C0D-DA5E-4F75-8001-04DED86B741F}.Debug|Any CPU.ActiveCfg = Debug|Any CPU
		{D6B19C0D-DA5E-4F75-8001-04DED86B741F}.Debug|Any CPU.Build.0 = Debug|Any CPU
		{D6B19C0D-DA5E-4F75-8001-04DED86B741F}.Release|Any CPU.ActiveCfg = Release|Any CPU
		{D6B19C0D-DA5E-4F75-8001-04DED86B741F}.Release|Any CPU.Build.0 = Release|Any CPU
		{CF8C694A-55A0-434F-BC96-3450B96EC12A}.Debug|Any CPU.ActiveCfg = Debug|Any CPU
		{CF8C694A-55A0-434F-BC96-3450B96EC12A}.Debug|Any CPU.Build.0 = Debug|Any CPU
		{CF8C694A-55A0-434F-BC96-3450B96EC12A}.Release|Any CPU.ActiveCfg = Release|Any CPU
		{CF8C694A-55A0-434F-BC96-3450B96EC12A}.Release|Any CPU.Build.0 = Release|Any CPU
		{704740D8-B539-4560-9F8C-681670C9D6AD}.Debug|Any CPU.ActiveCfg = Debug|Any CPU
		{704740D8-B539-4560-9F8C-681670C9D6AD}.Debug|Any CPU.Build.0 = Debug|Any CPU
		{704740D8-B539-4560-9F8C-681670C9D6AD}.Release|Any CPU.ActiveCfg = Release|Any CPU
		{704740D8-B539-4560-9F8C-681670C9D6AD}.Release|Any CPU.Build.0 = Release|Any CPU
		{F3692909-952D-4C4A-B2D2-D90D0083CF53}.Debug|Any CPU.ActiveCfg = Debug|Any CPU
		{F3692909-952D-4C4A-B2D2-D90D0083CF53}.Debug|Any CPU.Build.0 = Debug|Any CPU
		{F3692909-952D-4C4A-B2D2-D90D0083CF53}.Release|Any CPU.ActiveCfg = Release|Any CPU
		{F3692909-952D-4C4A-B2D2-D90D0083CF53}.Release|Any CPU.Build.0 = Release|Any CPU
		{A005D091-140E-4EC4-BCDF-CF7D42BB702C}.Debug|Any CPU.ActiveCfg = Debug|Any CPU
		{A005D091-140E-4EC4-BCDF-CF7D42BB702C}.Debug|Any CPU.Build.0 = Debug|Any CPU
		{A005D091-140E-4EC4-BCDF-CF7D42BB702C}.Release|Any CPU.ActiveCfg = Release|Any CPU
		{A005D091-140E-4EC4-BCDF-CF7D42BB702C}.Release|Any CPU.Build.0 = Release|Any CPU
		{ADD1EDD0-A4CB-4E82-B6AD-6AD1D556DEAE}.Debug|Any CPU.ActiveCfg = Debug|Any CPU
		{ADD1EDD0-A4CB-4E82-B6AD-6AD1D556DEAE}.Debug|Any CPU.Build.0 = Debug|Any CPU
		{ADD1EDD0-A4CB-4E82-B6AD-6AD1D556DEAE}.Release|Any CPU.ActiveCfg = Release|Any CPU
		{ADD1EDD0-A4CB-4E82-B6AD-6AD1D556DEAE}.Release|Any CPU.Build.0 = Release|Any CPU
		{6FE0930C-6832-4C2F-8A76-D4E4A2D80DDF}.Debug|Any CPU.ActiveCfg = Debug|Any CPU
		{6FE0930C-6832-4C2F-8A76-D4E4A2D80DDF}.Debug|Any CPU.Build.0 = Debug|Any CPU
		{6FE0930C-6832-4C2F-8A76-D4E4A2D80DDF}.Release|Any CPU.ActiveCfg = Release|Any CPU
		{6FE0930C-6832-4C2F-8A76-D4E4A2D80DDF}.Release|Any CPU.Build.0 = Release|Any CPU
		{1F5956F2-2B0F-49B8-AAF1-2CC28F01426A}.Debug|Any CPU.ActiveCfg = Debug|Any CPU
		{1F5956F2-2B0F-49B8-AAF1-2CC28F01426A}.Debug|Any CPU.Build.0 = Debug|Any CPU
		{1F5956F2-2B0F-49B8-AAF1-2CC28F01426A}.Release|Any CPU.ActiveCfg = Release|Any CPU
		{1F5956F2-2B0F-49B8-AAF1-2CC28F01426A}.Release|Any CPU.Build.0 = Release|Any CPU
		{69AC175C-3997-4514-8C9E-5D24811928C2}.Debug|Any CPU.ActiveCfg = Debug|Any CPU
		{69AC175C-3997-4514-8C9E-5D24811928C2}.Debug|Any CPU.Build.0 = Debug|Any CPU
		{69AC175C-3997-4514-8C9E-5D24811928C2}.Release|Any CPU.ActiveCfg = Release|Any CPU
		{69AC175C-3997-4514-8C9E-5D24811928C2}.Release|Any CPU.Build.0 = Release|Any CPU
		{C1DD2402-5FB2-411E-BF8D-5D9CB3A58E8B}.Debug|Any CPU.ActiveCfg = Debug|Any CPU
		{C1DD2402-5FB2-411E-BF8D-5D9CB3A58E8B}.Debug|Any CPU.Build.0 = Debug|Any CPU
		{C1DD2402-5FB2-411E-BF8D-5D9CB3A58E8B}.Release|Any CPU.ActiveCfg = Release|Any CPU
		{C1DD2402-5FB2-411E-BF8D-5D9CB3A58E8B}.Release|Any CPU.Build.0 = Release|Any CPU
		{962944DE-8BF4-4175-B55A-E75CF7918272}.Debug|Any CPU.ActiveCfg = Debug|Any CPU
		{962944DE-8BF4-4175-B55A-E75CF7918272}.Debug|Any CPU.Build.0 = Debug|Any CPU
		{962944DE-8BF4-4175-B55A-E75CF7918272}.Release|Any CPU.ActiveCfg = Release|Any CPU
		{962944DE-8BF4-4175-B55A-E75CF7918272}.Release|Any CPU.Build.0 = Release|Any CPU
	EndGlobalSection
	GlobalSection(SolutionProperties) = preSolution
		HideSolutionNode = FALSE
	EndGlobalSection
EndGlobal
