
Microsoft Visual Studio Solution File, Format Version 12.00
# Visual Studio Version 17
VisualStudioVersion = 17.3.32804.467
MinimumVisualStudioVersion = 10.0.40219.1
Project("{2150E333-8FDC-42A3-9474-1A3956D46DE8}") = "Solution Items", "Solution Items", "{585C34CC-D99C-4E21-9957-FDCB364DD275}"
	ProjectSection(SolutionItems) = preProject
		.editorconfig = .editorconfig
	EndProjectSection
EndProject
Project("{9A19103F-16F7-4668-BE54-9A1E7A4F7556}") = "Rock.NG", "Rock\Rock.NG.csproj", "{8E9CC5A2-0C0C-4A64-9F3B-B4618A31E2F0}"
EndProject
Project("{9A19103F-16F7-4668-BE54-9A1E7A4F7556}") = "TestApp", "TestApp\TestApp.csproj", "{7AD1926C-0A4A-4950-A6CE-AEFC667144B9}"
EndProject
Project("{FAE04EC0-301F-11D3-BF4B-00C04F79EFBC}") = "TestAppFramework", "TestAppFramework\TestAppFramework.csproj", "{92F92B58-2623-4DC3-B151-49ADF57EF7D7}"
EndProject
Project("{D954291E-2A0B-460D-934E-DC6B0785DB48}") = "TestApp.Shared", "TestApp.Shared\TestApp.Shared.shproj", "{01911862-ECB1-4F51-AF69-CEE52A11BBEE}"
EndProject
Project("{9A19103F-16F7-4668-BE54-9A1E7A4F7556}") = "Rock.Lava.NG", "Rock.Lava\Rock.Lava.NG.csproj", "{C4D9E8E2-45B1-49A9-B3E3-82721A79A3E8}"
EndProject
Project("{9A19103F-16F7-4668-BE54-9A1E7A4F7556}") = "Rock.Lava.Shared.NG", "Rock.Lava.Shared\Rock.Lava.Shared.NG.csproj", "{073C6A87-15FD-409B-BB85-B13922FB0D72}"
EndProject
Project("{9A19103F-16F7-4668-BE54-9A1E7A4F7556}") = "Rock.Common.NG", "Rock.Common\Rock.Common.NG.csproj", "{681CD8A5-9B62-41EC-8BE7-0EB6CC5792A2}"
	ProjectSection(ProjectDependencies) = postProject
		{B52764ED-C73A-4D19-A81E-FAFF6B808B06} = {B52764ED-C73A-4D19-A81E-FAFF6B808B06}
	EndProjectSection
EndProject
Project("{9A19103F-16F7-4668-BE54-9A1E7A4F7556}") = "Rock.Version.NG", "Rock.Version\Rock.Version.NG.csproj", "{0E6036B1-F48E-4B69-83EF-83C709DA8B42}"
EndProject
Project("{9A19103F-16F7-4668-BE54-9A1E7A4F7556}") = "Rock.DownhillCss.NG", "Rock.DownhillCss\Rock.DownhillCss.NG.csproj", "{40206D71-1D51-4EDC-BAAF-C7BAF567E93E}"
EndProject
Project("{9A19103F-16F7-4668-BE54-9A1E7A4F7556}") = "Rock.Rest.NG", "Rock.Rest.NG\Rock.Rest.NG.csproj", "{24A85B39-83C7-4E3E-A657-AD6B2F56331C}"
EndProject
Project("{9A19103F-16F7-4668-BE54-9A1E7A4F7556}") = "RockWebCore", "RockWebCore\RockWebCore.csproj", "{3E04FE5C-F152-448F-8F3B-71BCF70F0415}"
EndProject
Project("{9A19103F-16F7-4668-BE54-9A1E7A4F7556}") = "Rock.ViewModels.NG", "Rock.ViewModels\Rock.ViewModels.NG.csproj", "{00CE405B-1293-43C1-9E5C-CDAD62885FE9}"
EndProject
Project("{9A19103F-16F7-4668-BE54-9A1E7A4F7556}") = "Rock.Blocks.NG", "Rock.Blocks\Rock.Blocks.NG.csproj", "{B7A6E43B-B027-49EA-BE75-B477AB924C43}"
EndProject
Project("{9092AA53-FB77-4645-B42D-1CCCA6BD08BD}") = "Rock.JavaScript.Obsidian", "Rock.JavaScript.Obsidian\Rock.JavaScript.Obsidian.njsproj", "{A4FB4B9B-3564-4C25-938C-4350A9515B24}"
EndProject
Project("{9A19103F-16F7-4668-BE54-9A1E7A4F7556}") = "Rock.Web2", "Rock.Web2\Rock.Web2.csproj", "{D182E9AA-BBD0-4730-8329-BAEB1D2622FF}"
EndProject
Project("{9A19103F-16F7-4668-BE54-9A1E7A4F7556}") = "Rock.Lava.Fluid.NG", "Rock.Lava.Fluid\Rock.Lava.Fluid.NG.csproj", "{D3D90E48-B6D1-45E3-90C8-31B3CE95E65E}"
EndProject
Project("{9A19103F-16F7-4668-BE54-9A1E7A4F7556}") = "Rock.Enums.NG", "Rock.Enums\Rock.Enums.NG.csproj", "{B52764ED-C73A-4D19-A81E-FAFF6B808B06}"
EndProject
Project("{9092AA53-FB77-4645-B42D-1CCCA6BD08BD}") = "Rock.JavaScript.Obsidian.Blocks", "Rock.JavaScript.Obsidian.Blocks\Rock.JavaScript.Obsidian.Blocks.njsproj", "{11ACFF28-4199-450B-8A43-F59ADEF63A99}"
EndProject
Global
	GlobalSection(SolutionConfigurationPlatforms) = preSolution
		Debug|Any CPU = Debug|Any CPU
		Release|Any CPU = Release|Any CPU
	EndGlobalSection
	GlobalSection(ProjectConfigurationPlatforms) = postSolution
		{8E9CC5A2-0C0C-4A64-9F3B-B4618A31E2F0}.Debug|Any CPU.ActiveCfg = Debug|Any CPU
		{8E9CC5A2-0C0C-4A64-9F3B-B4618A31E2F0}.Debug|Any CPU.Build.0 = Debug|Any CPU
		{8E9CC5A2-0C0C-4A64-9F3B-B4618A31E2F0}.Release|Any CPU.ActiveCfg = Release|Any CPU
		{8E9CC5A2-0C0C-4A64-9F3B-B4618A31E2F0}.Release|Any CPU.Build.0 = Release|Any CPU
		{7AD1926C-0A4A-4950-A6CE-AEFC667144B9}.Debug|Any CPU.ActiveCfg = Debug|Any CPU
		{7AD1926C-0A4A-4950-A6CE-AEFC667144B9}.Debug|Any CPU.Build.0 = Debug|Any CPU
		{7AD1926C-0A4A-4950-A6CE-AEFC667144B9}.Release|Any CPU.ActiveCfg = Release|Any CPU
		{7AD1926C-0A4A-4950-A6CE-AEFC667144B9}.Release|Any CPU.Build.0 = Release|Any CPU
		{92F92B58-2623-4DC3-B151-49ADF57EF7D7}.Debug|Any CPU.ActiveCfg = Debug|Any CPU
		{92F92B58-2623-4DC3-B151-49ADF57EF7D7}.Debug|Any CPU.Build.0 = Debug|Any CPU
		{92F92B58-2623-4DC3-B151-49ADF57EF7D7}.Release|Any CPU.ActiveCfg = Release|Any CPU
		{92F92B58-2623-4DC3-B151-49ADF57EF7D7}.Release|Any CPU.Build.0 = Release|Any CPU
		{C4D9E8E2-45B1-49A9-B3E3-82721A79A3E8}.Debug|Any CPU.ActiveCfg = Debug|Any CPU
		{C4D9E8E2-45B1-49A9-B3E3-82721A79A3E8}.Debug|Any CPU.Build.0 = Debug|Any CPU
		{C4D9E8E2-45B1-49A9-B3E3-82721A79A3E8}.Release|Any CPU.ActiveCfg = Release|Any CPU
		{C4D9E8E2-45B1-49A9-B3E3-82721A79A3E8}.Release|Any CPU.Build.0 = Release|Any CPU
		{073C6A87-15FD-409B-BB85-B13922FB0D72}.Debug|Any CPU.ActiveCfg = Debug|Any CPU
		{073C6A87-15FD-409B-BB85-B13922FB0D72}.Debug|Any CPU.Build.0 = Debug|Any CPU
		{073C6A87-15FD-409B-BB85-B13922FB0D72}.Release|Any CPU.ActiveCfg = Release|Any CPU
		{073C6A87-15FD-409B-BB85-B13922FB0D72}.Release|Any CPU.Build.0 = Release|Any CPU
		{681CD8A5-9B62-41EC-8BE7-0EB6CC5792A2}.Debug|Any CPU.ActiveCfg = Debug|Any CPU
		{681CD8A5-9B62-41EC-8BE7-0EB6CC5792A2}.Debug|Any CPU.Build.0 = Debug|Any CPU
		{681CD8A5-9B62-41EC-8BE7-0EB6CC5792A2}.Release|Any CPU.ActiveCfg = Release|Any CPU
		{681CD8A5-9B62-41EC-8BE7-0EB6CC5792A2}.Release|Any CPU.Build.0 = Release|Any CPU
		{0E6036B1-F48E-4B69-83EF-83C709DA8B42}.Debug|Any CPU.ActiveCfg = Debug|Any CPU
		{0E6036B1-F48E-4B69-83EF-83C709DA8B42}.Debug|Any CPU.Build.0 = Debug|Any CPU
		{0E6036B1-F48E-4B69-83EF-83C709DA8B42}.Release|Any CPU.ActiveCfg = Release|Any CPU
		{0E6036B1-F48E-4B69-83EF-83C709DA8B42}.Release|Any CPU.Build.0 = Release|Any CPU
		{40206D71-1D51-4EDC-BAAF-C7BAF567E93E}.Debug|Any CPU.ActiveCfg = Debug|Any CPU
		{40206D71-1D51-4EDC-BAAF-C7BAF567E93E}.Debug|Any CPU.Build.0 = Debug|Any CPU
		{40206D71-1D51-4EDC-BAAF-C7BAF567E93E}.Release|Any CPU.ActiveCfg = Release|Any CPU
		{40206D71-1D51-4EDC-BAAF-C7BAF567E93E}.Release|Any CPU.Build.0 = Release|Any CPU
		{24A85B39-83C7-4E3E-A657-AD6B2F56331C}.Debug|Any CPU.ActiveCfg = Debug|Any CPU
		{24A85B39-83C7-4E3E-A657-AD6B2F56331C}.Debug|Any CPU.Build.0 = Debug|Any CPU
		{24A85B39-83C7-4E3E-A657-AD6B2F56331C}.Release|Any CPU.ActiveCfg = Release|Any CPU
		{24A85B39-83C7-4E3E-A657-AD6B2F56331C}.Release|Any CPU.Build.0 = Release|Any CPU
		{3E04FE5C-F152-448F-8F3B-71BCF70F0415}.Debug|Any CPU.ActiveCfg = Debug|Any CPU
		{3E04FE5C-F152-448F-8F3B-71BCF70F0415}.Debug|Any CPU.Build.0 = Debug|Any CPU
		{3E04FE5C-F152-448F-8F3B-71BCF70F0415}.Release|Any CPU.ActiveCfg = Release|Any CPU
		{3E04FE5C-F152-448F-8F3B-71BCF70F0415}.Release|Any CPU.Build.0 = Release|Any CPU
		{00CE405B-1293-43C1-9E5C-CDAD62885FE9}.Debug|Any CPU.ActiveCfg = Debug|Any CPU
		{00CE405B-1293-43C1-9E5C-CDAD62885FE9}.Debug|Any CPU.Build.0 = Debug|Any CPU
		{00CE405B-1293-43C1-9E5C-CDAD62885FE9}.Release|Any CPU.ActiveCfg = Release|Any CPU
		{00CE405B-1293-43C1-9E5C-CDAD62885FE9}.Release|Any CPU.Build.0 = Release|Any CPU
		{B7A6E43B-B027-49EA-BE75-B477AB924C43}.Debug|Any CPU.ActiveCfg = Debug|Any CPU
		{B7A6E43B-B027-49EA-BE75-B477AB924C43}.Debug|Any CPU.Build.0 = Debug|Any CPU
		{B7A6E43B-B027-49EA-BE75-B477AB924C43}.Release|Any CPU.ActiveCfg = Release|Any CPU
		{B7A6E43B-B027-49EA-BE75-B477AB924C43}.Release|Any CPU.Build.0 = Release|Any CPU
		{A4FB4B9B-3564-4C25-938C-4350A9515B24}.Debug|Any CPU.ActiveCfg = Debug|Any CPU
		{A4FB4B9B-3564-4C25-938C-4350A9515B24}.Debug|Any CPU.Build.0 = Debug|Any CPU
		{A4FB4B9B-3564-4C25-938C-4350A9515B24}.Release|Any CPU.ActiveCfg = Release|Any CPU
		{A4FB4B9B-3564-4C25-938C-4350A9515B24}.Release|Any CPU.Build.0 = Release|Any CPU
		{D182E9AA-BBD0-4730-8329-BAEB1D2622FF}.Debug|Any CPU.ActiveCfg = Debug|Any CPU
		{D182E9AA-BBD0-4730-8329-BAEB1D2622FF}.Debug|Any CPU.Build.0 = Debug|Any CPU
		{D182E9AA-BBD0-4730-8329-BAEB1D2622FF}.Release|Any CPU.ActiveCfg = Release|Any CPU
		{D182E9AA-BBD0-4730-8329-BAEB1D2622FF}.Release|Any CPU.Build.0 = Release|Any CPU
		{D3D90E48-B6D1-45E3-90C8-31B3CE95E65E}.Debug|Any CPU.ActiveCfg = Debug|Any CPU
		{D3D90E48-B6D1-45E3-90C8-31B3CE95E65E}.Debug|Any CPU.Build.0 = Debug|Any CPU
		{D3D90E48-B6D1-45E3-90C8-31B3CE95E65E}.Release|Any CPU.ActiveCfg = Release|Any CPU
		{D3D90E48-B6D1-45E3-90C8-31B3CE95E65E}.Release|Any CPU.Build.0 = Release|Any CPU
		{B52764ED-C73A-4D19-A81E-FAFF6B808B06}.Debug|Any CPU.ActiveCfg = Debug|Any CPU
		{B52764ED-C73A-4D19-A81E-FAFF6B808B06}.Debug|Any CPU.Build.0 = Debug|Any CPU
		{B52764ED-C73A-4D19-A81E-FAFF6B808B06}.Release|Any CPU.ActiveCfg = Release|Any CPU
		{B52764ED-C73A-4D19-A81E-FAFF6B808B06}.Release|Any CPU.Build.0 = Release|Any CPU
		{11ACFF28-4199-450B-8A43-F59ADEF63A99}.Debug|Any CPU.ActiveCfg = Debug|Any CPU
		{11ACFF28-4199-450B-8A43-F59ADEF63A99}.Debug|Any CPU.Build.0 = Debug|Any CPU
		{11ACFF28-4199-450B-8A43-F59ADEF63A99}.Release|Any CPU.ActiveCfg = Release|Any CPU
		{11ACFF28-4199-450B-8A43-F59ADEF63A99}.Release|Any CPU.Build.0 = Release|Any CPU
	EndGlobalSection
	GlobalSection(SolutionProperties) = preSolution
		HideSolutionNode = FALSE
	EndGlobalSection
	GlobalSection(ExtensibilityGlobals) = postSolution
		SolutionGuid = {53C930BD-2ECB-48B7-BDE0-7F5BBDF7A427}
	EndGlobalSection
	GlobalSection(SharedMSBuildProjectFiles) = preSolution
		TestApp.Shared\TestApp.Shared.projitems*{01911862-ecb1-4f51-af69-cee52a11bbee}*SharedItemsImports = 13
		TestApp.Shared\TestApp.Shared.projitems*{7ad1926c-0a4a-4950-a6ce-aefc667144b9}*SharedItemsImports = 5
		TestApp.Shared\TestApp.Shared.projitems*{92f92b58-2623-4dc3-b151-49adf57ef7d7}*SharedItemsImports = 4
	EndGlobalSection
EndGlobal
