
Microsoft Visual Studio Solution File, Format Version 12.00
# Visual Studio Version 17
VisualStudioVersion = 17.3.32804.467
MinimumVisualStudioVersion = 10.0.40219.1
Project("{2150E333-8FDC-42A3-9474-1A3956D46DE8}") = "Solution Items", "Solution Items", "{585C34CC-D99C-4E21-9957-FDCB364DD275}"
	ProjectSection(SolutionItems) = preProject
		.editorconfig = .editorconfig
	EndProjectSection
EndProject
Project("{9A19103F-16F7-4668-BE54-9A1E7A4F7556}") = "Rock.NG", "Rock\Rock.NG.csproj", "{8E9CC5A2-0C0C-4A64-9F3B-B4618A31E2F0}"
EndProject
Project("{9A19103F-16F7-4668-BE54-9A1E7A4F7556}") = "TestApp", "TestApp\TestApp.csproj", "{7AD1926C-0A4A-4950-A6CE-AEFC667144B9}"
EndProject
Project("{FAE04EC0-301F-11D3-BF4B-00C04F79EFBC}") = "TestAppFramework", "TestAppFramework\TestAppFramework.csproj", "{92F92B58-2623-4DC3-B151-49ADF57EF7D7}"
EndProject
Project("{D954291E-2A0B-460D-934E-DC6B0785DB48}") = "TestApp.Shared", "TestApp.Shared\TestApp.Shared.shproj", "{01911862-ECB1-4F51-AF69-CEE52A11BBEE}"
EndProject
Project("{9A19103F-16F7-4668-BE54-9A1E7A4F7556}") = "Rock.DownhillCss.NG", "Rock.DownhillCss\Rock.DownhillCss.NG.csproj", "{40206D71-1D51-4EDC-BAAF-C7BAF567E93E}"
EndProject
Project("{9A19103F-16F7-4668-BE54-9A1E7A4F7556}") = "Rock.Rest.NG", "Rock.Rest.NG\Rock.Rest.NG.csproj", "{24A85B39-83C7-4E3E-A657-AD6B2F56331C}"
EndProject
Project("{9A19103F-16F7-4668-BE54-9A1E7A4F7556}") = "RockWebCore", "RockWebCore\RockWebCore.csproj", "{3E04FE5C-F152-448F-8F3B-71BCF70F0415}"
EndProject
Project("{9A19103F-16F7-4668-BE54-9A1E7A4F7556}") = "Rock.Blocks.NG", "Rock.Blocks\Rock.Blocks.NG.csproj", "{B7A6E43B-B027-49EA-BE75-B477AB924C43}"
EndProject
Project("{9092AA53-FB77-4645-B42D-1CCCA6BD08BD}") = "Rock.JavaScript.Obsidian", "Rock.JavaScript.Obsidian\Rock.JavaScript.Obsidian.njsproj", "{A4FB4B9B-3564-4C25-938C-4350A9515B24}"
EndProject
Project("{9A19103F-16F7-4668-BE54-9A1E7A4F7556}") = "Rock.Web2", "Rock.Web2\Rock.Web2.csproj", "{D182E9AA-BBD0-4730-8329-BAEB1D2622FF}"
EndProject
Project("{9092AA53-FB77-4645-B42D-1CCCA6BD08BD}") = "Rock.JavaScript.Obsidian.Blocks", "Rock.JavaScript.Obsidian.Blocks\Rock.JavaScript.Obsidian.Blocks.njsproj", "{11ACFF28-4199-450B-8A43-F59ADEF63A99}"
EndProject
Project("{9A19103F-16F7-4668-BE54-9A1E7A4F7556}") = "Rock.CloudPrint.Shared", "Applications\RockCloudPrint\Rock.CloudPrint.Shared\Rock.CloudPrint.Shared.csproj", "{F37318E7-B269-43D1-83A1-B88CB1D1CB9F}"
EndProject
Project("{D954291E-2A0B-460D-934E-DC6B0785DB48}") = "Rock.CloudPrint.Shared.Common", "Applications\RockCloudPrint\Rock.CloudPrint.Shared.Common\Rock.CloudPrint.Shared.Common.shproj", "{6519C205-3304-4D09-86BC-16BE8A0D9C41}"
EndProject
Project("{FAE04EC0-301F-11D3-BF4B-00C04F79EFBC}") = "Rock.Common", "Rock.Common\Rock.Common.csproj", "{340A3597-37D7-19FC-EC71-3EB665EE234A}"
EndProject
Project("{FAE04EC0-301F-11D3-BF4B-00C04F79EFBC}") = "Rock.Enums", "Rock.Enums\Rock.Enums.csproj", "{EBB7F2CC-AE94-C90D-0EC9-5BF05E54A911}"
EndProject
Project("{FAE04EC0-301F-11D3-BF4B-00C04F79EFBC}") = "Rock.ViewModels", "Rock.ViewModels\Rock.ViewModels.csproj", "{8F7C268F-9E4A-1428-C042-5BE1A07E85BA}"
EndProject
Project("{FAE04EC0-301F-11D3-BF4B-00C04F79EFBC}") = "Rock.Version", "Rock.Version\Rock.Version.csproj", "{16142BDD-5ACA-75CF-AAF1-AD2C88351A9F}"
EndProject
Project("{FAE04EC0-301F-11D3-BF4B-00C04F79EFBC}") = "Rock.Lava.Shared", "Rock.Lava.Shared\Rock.Lava.Shared.csproj", "{BEFECEA3-2F12-0522-A9D3-061DE741224F}"
EndProject
Project("{FAE04EC0-301F-11D3-BF4B-00C04F79EFBC}") = "Rock.Lava.Fluid", "Rock.Lava.Fluid\Rock.Lava.Fluid.csproj", "{E1C90C21-34EE-99F2-46EC-7B74FDA64A77}"
EndProject
Project("{FAE04EC0-301F-11D3-BF4B-00C04F79EFBC}") = "Rock.Lava", "Rock.Lava\Rock.Lava.csproj", "{8C415FB4-2AB1-DBA3-9B39-508B446508DF}"
EndProject
Global
	GlobalSection(SolutionConfigurationPlatforms) = preSolution
		Debug|Any CPU = Debug|Any CPU
		Release|Any CPU = Release|Any CPU
	EndGlobalSection
	GlobalSection(ProjectConfigurationPlatforms) = postSolution
		{8E9CC5A2-0C0C-4A64-9F3B-B4618A31E2F0}.Debug|Any CPU.ActiveCfg = Debug|Any CPU
		{8E9CC5A2-0C0C-4A64-9F3B-B4618A31E2F0}.Debug|Any CPU.Build.0 = Debug|Any CPU
		{8E9CC5A2-0C0C-4A64-9F3B-B4618A31E2F0}.Release|Any CPU.ActiveCfg = Release|Any CPU
		{8E9CC5A2-0C0C-4A64-9F3B-B4618A31E2F0}.Release|Any CPU.Build.0 = Release|Any CPU
		{7AD1926C-0A4A-4950-A6CE-AEFC667144B9}.Debug|Any CPU.ActiveCfg = Debug|Any CPU
		{7AD1926C-0A4A-4950-A6CE-AEFC667144B9}.Debug|Any CPU.Build.0 = Debug|Any CPU
		{7AD1926C-0A4A-4950-A6CE-AEFC667144B9}.Release|Any CPU.ActiveCfg = Release|Any CPU
		{7AD1926C-0A4A-4950-A6CE-AEFC667144B9}.Release|Any CPU.Build.0 = Release|Any CPU
		{92F92B58-2623-4DC3-B151-49ADF57EF7D7}.Debug|Any CPU.ActiveCfg = Debug|Any CPU
		{92F92B58-2623-4DC3-B151-49ADF57EF7D7}.Debug|Any CPU.Build.0 = Debug|Any CPU
		{92F92B58-2623-4DC3-B151-49ADF57EF7D7}.Release|Any CPU.ActiveCfg = Release|Any CPU
		{92F92B58-2623-4DC3-B151-49ADF57EF7D7}.Release|Any CPU.Build.0 = Release|Any CPU
		{40206D71-1D51-4EDC-BAAF-C7BAF567E93E}.Debug|Any CPU.ActiveCfg = Debug|Any CPU
		{40206D71-1D51-4EDC-BAAF-C7BAF567E93E}.Debug|Any CPU.Build.0 = Debug|Any CPU
		{40206D71-1D51-4EDC-BAAF-C7BAF567E93E}.Release|Any CPU.ActiveCfg = Release|Any CPU
		{40206D71-1D51-4EDC-BAAF-C7BAF567E93E}.Release|Any CPU.Build.0 = Release|Any CPU
		{24A85B39-83C7-4E3E-A657-AD6B2F56331C}.Debug|Any CPU.ActiveCfg = Debug|Any CPU
		{24A85B39-83C7-4E3E-A657-AD6B2F56331C}.Debug|Any CPU.Build.0 = Debug|Any CPU
		{24A85B39-83C7-4E3E-A657-AD6B2F56331C}.Release|Any CPU.ActiveCfg = Release|Any CPU
		{24A85B39-83C7-4E3E-A657-AD6B2F56331C}.Release|Any CPU.Build.0 = Release|Any CPU
		{3E04FE5C-F152-448F-8F3B-71BCF70F0415}.Debug|Any CPU.ActiveCfg = Debug|Any CPU
		{3E04FE5C-F152-448F-8F3B-71BCF70F0415}.Debug|Any CPU.Build.0 = Debug|Any CPU
		{3E04FE5C-F152-448F-8F3B-71BCF70F0415}.Release|Any CPU.ActiveCfg = Release|Any CPU
		{3E04FE5C-F152-448F-8F3B-71BCF70F0415}.Release|Any CPU.Build.0 = Release|Any CPU
		{B7A6E43B-B027-49EA-BE75-B477AB924C43}.Debug|Any CPU.ActiveCfg = Debug|Any CPU
		{B7A6E43B-B027-49EA-BE75-B477AB924C43}.Debug|Any CPU.Build.0 = Debug|Any CPU
		{B7A6E43B-B027-49EA-BE75-B477AB924C43}.Release|Any CPU.ActiveCfg = Release|Any CPU
		{B7A6E43B-B027-49EA-BE75-B477AB924C43}.Release|Any CPU.Build.0 = Release|Any CPU
		{A4FB4B9B-3564-4C25-938C-4350A9515B24}.Debug|Any CPU.ActiveCfg = Debug|Any CPU
		{A4FB4B9B-3564-4C25-938C-4350A9515B24}.Debug|Any CPU.Build.0 = Debug|Any CPU
		{A4FB4B9B-3564-4C25-938C-4350A9515B24}.Release|Any CPU.ActiveCfg = Release|Any CPU
		{A4FB4B9B-3564-4C25-938C-4350A9515B24}.Release|Any CPU.Build.0 = Release|Any CPU
		{D182E9AA-BBD0-4730-8329-BAEB1D2622FF}.Debug|Any CPU.ActiveCfg = Debug|Any CPU
		{D182E9AA-BBD0-4730-8329-BAEB1D2622FF}.Debug|Any CPU.Build.0 = Debug|Any CPU
		{D182E9AA-BBD0-4730-8329-BAEB1D2622FF}.Release|Any CPU.ActiveCfg = Release|Any CPU
		{D182E9AA-BBD0-4730-8329-BAEB1D2622FF}.Release|Any CPU.Build.0 = Release|Any CPU
		{11ACFF28-4199-450B-8A43-F59ADEF63A99}.Debug|Any CPU.ActiveCfg = Debug|Any CPU
		{11ACFF28-4199-450B-8A43-F59ADEF63A99}.Debug|Any CPU.Build.0 = Debug|Any CPU
		{11ACFF28-4199-450B-8A43-F59ADEF63A99}.Release|Any CPU.ActiveCfg = Release|Any CPU
		{11ACFF28-4199-450B-8A43-F59ADEF63A99}.Release|Any CPU.Build.0 = Release|Any CPU
		{F37318E7-B269-43D1-83A1-B88CB1D1CB9F}.Debug|Any CPU.ActiveCfg = Debug|Any CPU
		{F37318E7-B269-43D1-83A1-B88CB1D1CB9F}.Debug|Any CPU.Build.0 = Debug|Any CPU
		{F37318E7-B269-43D1-83A1-B88CB1D1CB9F}.Release|Any CPU.ActiveCfg = Release|Any CPU
		{F37318E7-B269-43D1-83A1-B88CB1D1CB9F}.Release|Any CPU.Build.0 = Release|Any CPU
		{340A3597-37D7-19FC-EC71-3EB665EE234A}.Debug|Any CPU.ActiveCfg = Debug|Any CPU
		{340A3597-37D7-19FC-EC71-3EB665EE234A}.Debug|Any CPU.Build.0 = Debug|Any CPU
		{340A3597-37D7-19FC-EC71-3EB665EE234A}.Release|Any CPU.ActiveCfg = Release|Any CPU
		{340A3597-37D7-19FC-EC71-3EB665EE234A}.Release|Any CPU.Build.0 = Release|Any CPU
		{EBB7F2CC-AE94-C90D-0EC9-5BF05E54A911}.Debug|Any CPU.ActiveCfg = Debug|Any CPU
		{EBB7F2CC-AE94-C90D-0EC9-5BF05E54A911}.Debug|Any CPU.Build.0 = Debug|Any CPU
		{EBB7F2CC-AE94-C90D-0EC9-5BF05E54A911}.Release|Any CPU.ActiveCfg = Release|Any CPU
		{EBB7F2CC-AE94-C90D-0EC9-5BF05E54A911}.Release|Any CPU.Build.0 = Release|Any CPU
		{8F7C268F-9E4A-1428-C042-5BE1A07E85BA}.Debug|Any CPU.ActiveCfg = Debug|Any CPU
		{8F7C268F-9E4A-1428-C042-5BE1A07E85BA}.Debug|Any CPU.Build.0 = Debug|Any CPU
		{8F7C268F-9E4A-1428-C042-5BE1A07E85BA}.Release|Any CPU.ActiveCfg = Release|Any CPU
		{8F7C268F-9E4A-1428-C042-5BE1A07E85BA}.Release|Any CPU.Build.0 = Release|Any CPU
		{16142BDD-5ACA-75CF-AAF1-AD2C88351A9F}.Debug|Any CPU.ActiveCfg = Debug|Any CPU
		{16142BDD-5ACA-75CF-AAF1-AD2C88351A9F}.Debug|Any CPU.Build.0 = Debug|Any CPU
		{16142BDD-5ACA-75CF-AAF1-AD2C88351A9F}.Release|Any CPU.ActiveCfg = Release|Any CPU
		{16142BDD-5ACA-75CF-AAF1-AD2C88351A9F}.Release|Any CPU.Build.0 = Release|Any CPU
		{BEFECEA3-2F12-0522-A9D3-061DE741224F}.Debug|Any CPU.ActiveCfg = Debug|Any CPU
		{BEFECEA3-2F12-0522-A9D3-061DE741224F}.Debug|Any CPU.Build.0 = Debug|Any CPU
		{BEFECEA3-2F12-0522-A9D3-061DE741224F}.Release|Any CPU.ActiveCfg = Release|Any CPU
		{BEFECEA3-2F12-0522-A9D3-061DE741224F}.Release|Any CPU.Build.0 = Release|Any CPU
		{E1C90C21-34EE-99F2-46EC-7B74FDA64A77}.Debug|Any CPU.ActiveCfg = Debug|Any CPU
		{E1C90C21-34EE-99F2-46EC-7B74FDA64A77}.Debug|Any CPU.Build.0 = Debug|Any CPU
		{E1C90C21-34EE-99F2-46EC-7B74FDA64A77}.Release|Any CPU.ActiveCfg = Release|Any CPU
		{E1C90C21-34EE-99F2-46EC-7B74FDA64A77}.Release|Any CPU.Build.0 = Release|Any CPU
		{8C415FB4-2AB1-DBA3-9B39-508B446508DF}.Debug|Any CPU.ActiveCfg = Debug|Any CPU
		{8C415FB4-2AB1-DBA3-9B39-508B446508DF}.Debug|Any CPU.Build.0 = Debug|Any CPU
		{8C415FB4-2AB1-DBA3-9B39-508B446508DF}.Release|Any CPU.ActiveCfg = Release|Any CPU
		{8C415FB4-2AB1-DBA3-9B39-508B446508DF}.Release|Any CPU.Build.0 = Release|Any CPU
	EndGlobalSection
	GlobalSection(SolutionProperties) = preSolution
		HideSolutionNode = FALSE
	EndGlobalSection
	GlobalSection(ExtensibilityGlobals) = postSolution
		SolutionGuid = {53C930BD-2ECB-48B7-BDE0-7F5BBDF7A427}
	EndGlobalSection
	GlobalSection(SharedMSBuildProjectFiles) = preSolution
		TestApp.Shared\TestApp.Shared.projitems*{01911862-ecb1-4f51-af69-cee52a11bbee}*SharedItemsImports = 13
		Applications\RockCloudPrint\Rock.CloudPrint.Shared.Common\Rock.CloudPrint.Shared.Common.projitems*{6519c205-3304-4d09-86bc-16be8a0d9c41}*SharedItemsImports = 13
		TestApp.Shared\TestApp.Shared.projitems*{7ad1926c-0a4a-4950-a6ce-aefc667144b9}*SharedItemsImports = 5
		Applications\RockCloudPrint\Rock.CloudPrint.Shared.Common\Rock.CloudPrint.Shared.Common.projitems*{8e9cc5a2-0c0c-4a64-9f3b-b4618a31e2f0}*SharedItemsImports = 5
		TestApp.Shared\TestApp.Shared.projitems*{92f92b58-2623-4dc3-b151-49adf57ef7d7}*SharedItemsImports = 4
		Applications\RockCloudPrint\Rock.CloudPrint.Shared.Common\Rock.CloudPrint.Shared.Common.projitems*{f37318e7-b269-43d1-83a1-b88cb1d1cb9f}*SharedItemsImports = 5
	EndGlobalSection
EndGlobal
