
Microsoft Visual Studio Solution File, Format Version 11.00
# Visual Studio 2010
Project("{FAE04EC0-301F-11D3-BF4B-00C04F79EFBC}") = "Rock", "Rock\Rock.csproj", "{8F8C2A79-24F4-4157-8B99-45F75FA85799}"
EndProject
Project("{E24C65DC-7377-472B-9ABA-BC803B73C61A}") = "RockWeb", "RockWeb\", "{3ADB92E5-342B-458D-B779-369FC8A66CF6}"
	ProjectSection(WebsiteProperties) = preProject
		TargetFrameworkMoniker = ".NETFramework,Version%3Dv4.0"
		ProjectReferences = "{8F8C2A79-24F4-4157-8B99-45F75FA85799}|Rock.dll;{AEF8823B-E45B-4B35-A4D0-C08C1196D017}|Quartz.dll;{2BBF8883-7C46-42E3-9F7F-7B1B6CD7D9F5}|Rock.DataTransferObjects.dll;{3FC5AC6B-7E6C-41CD-B424-29ED3ED1BC90}|Rock.Com.CCVOnline.dll;"
		Debug.AspNetCompiler.VirtualPath = "/RockWeb"
		Debug.AspNetCompiler.PhysicalPath = "RockWeb\"
		Debug.AspNetCompiler.TargetPath = "PrecompiledWeb\RockWeb\"
		Debug.AspNetCompiler.Updateable = "true"
		Debug.AspNetCompiler.ForceOverwrite = "true"
		Debug.AspNetCompiler.FixedNames = "false"
		Debug.AspNetCompiler.Debug = "True"
		Release.AspNetCompiler.VirtualPath = "/RockWeb"
		Release.AspNetCompiler.PhysicalPath = "RockWeb\"
		Release.AspNetCompiler.TargetPath = "PrecompiledWeb\RockWeb\"
		Release.AspNetCompiler.Updateable = "true"
		Release.AspNetCompiler.ForceOverwrite = "true"
		Release.AspNetCompiler.FixedNames = "false"
		Release.AspNetCompiler.Debug = "False"
		VWDPort = "6229"
		VWDDynamicPort = "false"
		DefaultWebSiteLanguage = "Visual C#"
	EndProjectSection
EndProject
Project("{FAE04EC0-301F-11D3-BF4B-00C04F79EFBC}") = "Quartz", "Quartz\Quartz.csproj", "{AEF8823B-E45B-4B35-A4D0-C08C1196D017}"
EndProject
Project("{FAE04EC0-301F-11D3-BF4B-00C04F79EFBC}") = "RockJobSchedulerService", "RockJobSchedulerService\RockJobSchedulerService.csproj", "{40A78663-3080-4A9D-9E11-38A188555C87}"
EndProject
Project("{54435603-DBB4-11D2-8724-00A0C9A8B90C}") = "RockJobSchedulerServiceInstaller", "RockJobSchedulerServiceInstaller\RockJobSchedulerServiceInstaller.vdproj", "{377EC182-2CD5-48D8-84D1-40D0BB289F26}"
EndProject
Project("{FAE04EC0-301F-11D3-BF4B-00C04F79EFBC}") = "Rock.DataTransferObjects", "Rock.DataTransferObjects\Rock.DataTransferObjects.csproj", "{2BBF8883-7C46-42E3-9F7F-7B1B6CD7D9F5}"
EndProject
Project("{FAE04EC0-301F-11D3-BF4B-00C04F79EFBC}") = "Rock.Com.CCVOnline", "Rock.Com.CCVOnline\Rock.Com.CCVOnline.csproj", "{3FC5AC6B-7E6C-41CD-B424-29ED3ED1BC90}"
EndProject
Global
	GlobalSection(SolutionConfigurationPlatforms) = preSolution
		Debug|Any CPU = Debug|Any CPU
		Debug|Mixed Platforms = Debug|Mixed Platforms
		Debug|x86 = Debug|x86
		Release|Any CPU = Release|Any CPU
		Release|Mixed Platforms = Release|Mixed Platforms
		Release|x86 = Release|x86
	EndGlobalSection
	GlobalSection(ProjectConfigurationPlatforms) = postSolution
		{8F8C2A79-24F4-4157-8B99-45F75FA85799}.Debug|Any CPU.ActiveCfg = Debug|Any CPU
		{8F8C2A79-24F4-4157-8B99-45F75FA85799}.Debug|Any CPU.Build.0 = Debug|Any CPU
		{8F8C2A79-24F4-4157-8B99-45F75FA85799}.Debug|Mixed Platforms.ActiveCfg = Debug|Any CPU
		{8F8C2A79-24F4-4157-8B99-45F75FA85799}.Debug|Mixed Platforms.Build.0 = Debug|Any CPU
		{8F8C2A79-24F4-4157-8B99-45F75FA85799}.Debug|x86.ActiveCfg = Debug|Any CPU
		{8F8C2A79-24F4-4157-8B99-45F75FA85799}.Release|Any CPU.ActiveCfg = Release|Any CPU
		{8F8C2A79-24F4-4157-8B99-45F75FA85799}.Release|Any CPU.Build.0 = Release|Any CPU
		{8F8C2A79-24F4-4157-8B99-45F75FA85799}.Release|Mixed Platforms.ActiveCfg = Release|Any CPU
		{8F8C2A79-24F4-4157-8B99-45F75FA85799}.Release|Mixed Platforms.Build.0 = Release|Any CPU
		{8F8C2A79-24F4-4157-8B99-45F75FA85799}.Release|x86.ActiveCfg = Release|Any CPU
		{3ADB92E5-342B-458D-B779-369FC8A66CF6}.Debug|Any CPU.ActiveCfg = Debug|Any CPU
		{3ADB92E5-342B-458D-B779-369FC8A66CF6}.Debug|Any CPU.Build.0 = Debug|Any CPU
		{3ADB92E5-342B-458D-B779-369FC8A66CF6}.Debug|Mixed Platforms.ActiveCfg = Debug|Any CPU
		{3ADB92E5-342B-458D-B779-369FC8A66CF6}.Debug|Mixed Platforms.Build.0 = Debug|Any CPU
		{3ADB92E5-342B-458D-B779-369FC8A66CF6}.Debug|x86.ActiveCfg = Debug|Any CPU
		{3ADB92E5-342B-458D-B779-369FC8A66CF6}.Release|Any CPU.ActiveCfg = Debug|Any CPU
		{3ADB92E5-342B-458D-B779-369FC8A66CF6}.Release|Any CPU.Build.0 = Debug|Any CPU
		{3ADB92E5-342B-458D-B779-369FC8A66CF6}.Release|Mixed Platforms.ActiveCfg = Debug|Any CPU
		{3ADB92E5-342B-458D-B779-369FC8A66CF6}.Release|Mixed Platforms.Build.0 = Debug|Any CPU
		{3ADB92E5-342B-458D-B779-369FC8A66CF6}.Release|x86.ActiveCfg = Debug|Any CPU
		{AEF8823B-E45B-4B35-A4D0-C08C1196D017}.Debug|Any CPU.ActiveCfg = Debug|Any CPU
		{AEF8823B-E45B-4B35-A4D0-C08C1196D017}.Debug|Any CPU.Build.0 = Debug|Any CPU
		{AEF8823B-E45B-4B35-A4D0-C08C1196D017}.Debug|Mixed Platforms.ActiveCfg = Debug|Any CPU
		{AEF8823B-E45B-4B35-A4D0-C08C1196D017}.Debug|Mixed Platforms.Build.0 = Debug|Any CPU
		{AEF8823B-E45B-4B35-A4D0-C08C1196D017}.Debug|x86.ActiveCfg = Debug|Any CPU
		{AEF8823B-E45B-4B35-A4D0-C08C1196D017}.Release|Any CPU.ActiveCfg = Release|Any CPU
		{AEF8823B-E45B-4B35-A4D0-C08C1196D017}.Release|Any CPU.Build.0 = Release|Any CPU
		{AEF8823B-E45B-4B35-A4D0-C08C1196D017}.Release|Mixed Platforms.ActiveCfg = Release|Any CPU
		{AEF8823B-E45B-4B35-A4D0-C08C1196D017}.Release|Mixed Platforms.Build.0 = Release|Any CPU
		{AEF8823B-E45B-4B35-A4D0-C08C1196D017}.Release|x86.ActiveCfg = Release|Any CPU
		{40A78663-3080-4A9D-9E11-38A188555C87}.Debug|Any CPU.ActiveCfg = Debug|x86
		{40A78663-3080-4A9D-9E11-38A188555C87}.Debug|Mixed Platforms.ActiveCfg = Debug|x86
		{40A78663-3080-4A9D-9E11-38A188555C87}.Debug|Mixed Platforms.Build.0 = Debug|x86
		{40A78663-3080-4A9D-9E11-38A188555C87}.Debug|x86.ActiveCfg = Debug|x86
		{40A78663-3080-4A9D-9E11-38A188555C87}.Debug|x86.Build.0 = Debug|x86
		{40A78663-3080-4A9D-9E11-38A188555C87}.Release|Any CPU.ActiveCfg = Release|x86
		{40A78663-3080-4A9D-9E11-38A188555C87}.Release|Mixed Platforms.ActiveCfg = Release|x86
		{40A78663-3080-4A9D-9E11-38A188555C87}.Release|Mixed Platforms.Build.0 = Release|x86
		{40A78663-3080-4A9D-9E11-38A188555C87}.Release|x86.ActiveCfg = Release|x86
		{40A78663-3080-4A9D-9E11-38A188555C87}.Release|x86.Build.0 = Release|x86
		{377EC182-2CD5-48D8-84D1-40D0BB289F26}.Debug|Any CPU.ActiveCfg = Debug
		{377EC182-2CD5-48D8-84D1-40D0BB289F26}.Debug|Mixed Platforms.ActiveCfg = Debug
		{377EC182-2CD5-48D8-84D1-40D0BB289F26}.Debug|x86.ActiveCfg = Debug
		{377EC182-2CD5-48D8-84D1-40D0BB289F26}.Release|Any CPU.ActiveCfg = Release
		{377EC182-2CD5-48D8-84D1-40D0BB289F26}.Release|Mixed Platforms.ActiveCfg = Release
		{377EC182-2CD5-48D8-84D1-40D0BB289F26}.Release|x86.ActiveCfg = Release
		{2BBF8883-7C46-42E3-9F7F-7B1B6CD7D9F5}.Debug|Any CPU.ActiveCfg = Debug|Any CPU
		{2BBF8883-7C46-42E3-9F7F-7B1B6CD7D9F5}.Debug|Any CPU.Build.0 = Debug|Any CPU
		{2BBF8883-7C46-42E3-9F7F-7B1B6CD7D9F5}.Debug|Mixed Platforms.ActiveCfg = Debug|Any CPU
		{2BBF8883-7C46-42E3-9F7F-7B1B6CD7D9F5}.Debug|Mixed Platforms.Build.0 = Debug|Any CPU
		{2BBF8883-7C46-42E3-9F7F-7B1B6CD7D9F5}.Debug|x86.ActiveCfg = Debug|Any CPU
		{2BBF8883-7C46-42E3-9F7F-7B1B6CD7D9F5}.Release|Any CPU.ActiveCfg = Release|Any CPU
		{2BBF8883-7C46-42E3-9F7F-7B1B6CD7D9F5}.Release|Any CPU.Build.0 = Release|Any CPU
		{2BBF8883-7C46-42E3-9F7F-7B1B6CD7D9F5}.Release|Mixed Platforms.ActiveCfg = Release|Any CPU
		{2BBF8883-7C46-42E3-9F7F-7B1B6CD7D9F5}.Release|Mixed Platforms.Build.0 = Release|Any CPU
		{2BBF8883-7C46-42E3-9F7F-7B1B6CD7D9F5}.Release|x86.ActiveCfg = Release|Any CPU
		{3FC5AC6B-7E6C-41CD-B424-29ED3ED1BC90}.Debug|Any CPU.ActiveCfg = Debug|Any CPU
		{3FC5AC6B-7E6C-41CD-B424-29ED3ED1BC90}.Debug|Any CPU.Build.0 = Debug|Any CPU
		{3FC5AC6B-7E6C-41CD-B424-29ED3ED1BC90}.Debug|Mixed Platforms.ActiveCfg = Debug|Any CPU
		{3FC5AC6B-7E6C-41CD-B424-29ED3ED1BC90}.Debug|Mixed Platforms.Build.0 = Debug|Any CPU
		{3FC5AC6B-7E6C-41CD-B424-29ED3ED1BC90}.Debug|x86.ActiveCfg = Debug|Any CPU
		{3FC5AC6B-7E6C-41CD-B424-29ED3ED1BC90}.Release|Any CPU.ActiveCfg = Release|Any CPU
		{3FC5AC6B-7E6C-41CD-B424-29ED3ED1BC90}.Release|Any CPU.Build.0 = Release|Any CPU
		{3FC5AC6B-7E6C-41CD-B424-29ED3ED1BC90}.Release|Mixed Platforms.ActiveCfg = Release|Any CPU
		{3FC5AC6B-7E6C-41CD-B424-29ED3ED1BC90}.Release|Mixed Platforms.Build.0 = Release|Any CPU
		{3FC5AC6B-7E6C-41CD-B424-29ED3ED1BC90}.Release|x86.ActiveCfg = Release|Any CPU
	EndGlobalSection
	GlobalSection(SolutionProperties) = preSolution
		HideSolutionNode = FALSE
	EndGlobalSection
EndGlobal
