
Microsoft Visual Studio Solution File, Format Version 12.00
# Visual Studio 2013
VisualStudioVersion = 12.0.31101.0
MinimumVisualStudioVersion = 10.0.40219.1
Project("{6141683F-8A12-4E36-9623-2EB02B2C2303}") = "CheckinClientInstaller", "CheckinClientInstaller\CheckinClientInstaller.isproj", "{985E5A18-5032-49F4-AA54-CE2628198AD8}"
	ProjectSection(ProjectDependencies) = postProject
		{ED157BE8-7C1E-4FED-8B79-88A8722FE994} = {ED157BE8-7C1E-4FED-8B79-88A8722FE994}
	EndProjectSection
EndProject
Project("{FAE04EC0-301F-11D3-BF4B-00C04F79EFBC}") = "CheckinClient", "..\..\..\Rock-WindowsCheckin\CheckinClient.csproj", "{ED157BE8-7C1E-4FED-8B79-88A8722FE994}"
EndProject
Global
	GlobalSection(SolutionConfigurationPlatforms) = preSolution
		CD_ROM|Any CPU = CD_ROM|Any CPU
		Debug|Any CPU = Debug|Any CPU
		DVD-5|Any CPU = DVD-5|Any CPU
		Release|Any CPU = Release|Any CPU
		SingleImage|Any CPU = SingleImage|Any CPU
	EndGlobalSection
	GlobalSection(ProjectConfigurationPlatforms) = postSolution
		{985E5A18-5032-49F4-AA54-CE2628198AD8}.CD_ROM|Any CPU.ActiveCfg = CD_ROM
		{985E5A18-5032-49F4-AA54-CE2628198AD8}.CD_ROM|Any CPU.Build.0 = CD_ROM
		{985E5A18-5032-49F4-AA54-CE2628198AD8}.Debug|Any CPU.ActiveCfg = DVD-5
		{985E5A18-5032-49F4-AA54-CE2628198AD8}.Debug|Any CPU.Build.0 = DVD-5
		{985E5A18-5032-49F4-AA54-CE2628198AD8}.DVD-5|Any CPU.ActiveCfg = DVD-5
		{985E5A18-5032-49F4-AA54-CE2628198AD8}.DVD-5|Any CPU.Build.0 = DVD-5
		{985E5A18-5032-49F4-AA54-CE2628198AD8}.Release|Any CPU.ActiveCfg = SingleImage
		{985E5A18-5032-49F4-AA54-CE2628198AD8}.Release|Any CPU.Build.0 = SingleImage
		{985E5A18-5032-49F4-AA54-CE2628198AD8}.SingleImage|Any CPU.ActiveCfg = SingleImage
		{985E5A18-5032-49F4-AA54-CE2628198AD8}.SingleImage|Any CPU.Build.0 = SingleImage
		{ED157BE8-7C1E-4FED-8B79-88A8722FE994}.CD_ROM|Any CPU.ActiveCfg = Release|Any CPU
		{ED157BE8-7C1E-4FED-8B79-88A8722FE994}.CD_ROM|Any CPU.Build.0 = Release|Any CPU
		{ED157BE8-7C1E-4FED-8B79-88A8722FE994}.Debug|Any CPU.ActiveCfg = Debug|Any CPU
		{ED157BE8-7C1E-4FED-8B79-88A8722FE994}.Debug|Any CPU.Build.0 = Debug|Any CPU
		{ED157BE8-7C1E-4FED-8B79-88A8722FE994}.DVD-5|Any CPU.ActiveCfg = Debug|Any CPU
		{ED157BE8-7C1E-4FED-8B79-88A8722FE994}.DVD-5|Any CPU.Build.0 = Debug|Any CPU
		{ED157BE8-7C1E-4FED-8B79-88A8722FE994}.Release|Any CPU.ActiveCfg = Release|Any CPU
		{ED157BE8-7C1E-4FED-8B79-88A8722FE994}.Release|Any CPU.Build.0 = Release|Any CPU
		{ED157BE8-7C1E-4FED-8B79-88A8722FE994}.SingleImage|Any CPU.ActiveCfg = Release|Any CPU
		{ED157BE8-7C1E-4FED-8B79-88A8722FE994}.SingleImage|Any CPU.Build.0 = Release|Any CPU
	EndGlobalSection
	GlobalSection(SolutionProperties) = preSolution
		HideSolutionNode = FALSE
	EndGlobalSection
EndGlobal
