
Microsoft Visual Studio Solution File, Format Version 11.00
# Visual Studio 2010
Project("{2150E333-8FDC-42A3-9474-1A3956D46DE8}") = "PDFsharp Projects", "PDFsharp Projects", "{8CF3A6C1-4179-4286-9D33-5D3887636DF1}"
EndProject
Project("{FAE04EC0-301F-11D3-BF4B-00C04F79EFBC}") = "PdfSharp-WPF", "..\..\PDFsharp\code\PdfSharp\PdfSharp-WPF.csproj", "{02FCC0BB-2AA2-43BA-8D2F-66D168B87A1D}"
EndProject
Project("{FAE04EC0-301F-11D3-BF4B-00C04F79EFBC}") = "PdfSharp.Charting-WPF", "..\..\PDFsharp\code\PdfSharp.Charting\PdfSharp.Charting-WPF.csproj", "{E6A2734E-0CD6-4210-8AEC-47EE348F8D78}"
EndProject
Project("{FAE04EC0-301F-11D3-BF4B-00C04F79EFBC}") = "MigraDoc.DocumentObjectModel-WPF", "MigraDoc.DocumentObjectModel\MigraDoc.DocumentObjectModel-WPF.csproj", "{769E6587-72F9-475C-9422-D43ACD4C7AC1}"
EndProject
Project("{FAE04EC0-301F-11D3-BF4B-00C04F79EFBC}") = "MigraDoc.Rendering-WPF", "MigraDoc.Rendering\MigraDoc.Rendering-WPF.csproj", "{497784DA-4FDD-43E5-BC4E-6702C8F1AEE0}"
EndProject
Project("{FAE04EC0-301F-11D3-BF4B-00C04F79EFBC}") = "MigraDoc.RtfRendering-WPF", "MigraDoc.RtfRendering\MigraDoc.RtfRendering-WPF.csproj", "{00416AAB-3EEE-44A2-923B-86782560CE00}"
EndProject
Global
	GlobalSection(SolutionConfigurationPlatforms) = preSolution
		Debug|Any CPU = Debug|Any CPU
		Release|Any CPU = Release|Any CPU
	EndGlobalSection
	GlobalSection(ProjectConfigurationPlatforms) = postSolution
		{02FCC0BB-2AA2-43BA-8D2F-66D168B87A1D}.Debug|Any CPU.ActiveCfg = Debug|Any CPU
		{02FCC0BB-2AA2-43BA-8D2F-66D168B87A1D}.Debug|Any CPU.Build.0 = Debug|Any CPU
		{02FCC0BB-2AA2-43BA-8D2F-66D168B87A1D}.Release|Any CPU.ActiveCfg = Release|Any CPU
		{02FCC0BB-2AA2-43BA-8D2F-66D168B87A1D}.Release|Any CPU.Build.0 = Release|Any CPU
		{E6A2734E-0CD6-4210-8AEC-47EE348F8D78}.Debug|Any CPU.ActiveCfg = Debug|Any CPU
		{E6A2734E-0CD6-4210-8AEC-47EE348F8D78}.Debug|Any CPU.Build.0 = Debug|Any CPU
		{E6A2734E-0CD6-4210-8AEC-47EE348F8D78}.Release|Any CPU.ActiveCfg = Release|Any CPU
		{E6A2734E-0CD6-4210-8AEC-47EE348F8D78}.Release|Any CPU.Build.0 = Release|Any CPU
		{769E6587-72F9-475C-9422-D43ACD4C7AC1}.Debug|Any CPU.ActiveCfg = Debug|Any CPU
		{769E6587-72F9-475C-9422-D43ACD4C7AC1}.Debug|Any CPU.Build.0 = Debug|Any CPU
		{769E6587-72F9-475C-9422-D43ACD4C7AC1}.Release|Any CPU.ActiveCfg = Release|Any CPU
		{769E6587-72F9-475C-9422-D43ACD4C7AC1}.Release|Any CPU.Build.0 = Release|Any CPU
		{497784DA-4FDD-43E5-BC4E-6702C8F1AEE0}.Debug|Any CPU.ActiveCfg = Debug|Any CPU
		{497784DA-4FDD-43E5-BC4E-6702C8F1AEE0}.Debug|Any CPU.Build.0 = Debug|Any CPU
		{497784DA-4FDD-43E5-BC4E-6702C8F1AEE0}.Release|Any CPU.ActiveCfg = Release|Any CPU
		{497784DA-4FDD-43E5-BC4E-6702C8F1AEE0}.Release|Any CPU.Build.0 = Release|Any CPU
		{00416AAB-3EEE-44A2-923B-86782560CE00}.Debug|Any CPU.ActiveCfg = Debug|Any CPU
		{00416AAB-3EEE-44A2-923B-86782560CE00}.Debug|Any CPU.Build.0 = Debug|Any CPU
		{00416AAB-3EEE-44A2-923B-86782560CE00}.Release|Any CPU.ActiveCfg = Release|Any CPU
		{00416AAB-3EEE-44A2-923B-86782560CE00}.Release|Any CPU.Build.0 = Release|Any CPU
	EndGlobalSection
	GlobalSection(SolutionProperties) = preSolution
		HideSolutionNode = FALSE
	EndGlobalSection
	GlobalSection(NestedProjects) = preSolution
		{02FCC0BB-2AA2-43BA-8D2F-66D168B87A1D} = {8CF3A6C1-4179-4286-9D33-5D3887636DF1}
		{E6A2734E-0CD6-4210-8AEC-47EE348F8D78} = {8CF3A6C1-4179-4286-9D33-5D3887636DF1}
	EndGlobalSection
EndGlobal
