
Microsoft Visual Studio Solution File, Format Version 12.00
# Visual Studio 2012
Project("{FAE04EC0-301F-11D3-BF4B-00C04F79EFBC}") = "EnsureCopyrightHeader", "EnsureCopyrightHeader.csproj", "{032FB4BC-35DC-4B02-815B-E7C549B0012F}"
EndProject
Global
	GlobalSection(SolutionConfigurationPlatforms) = preSolution
		Debug|Any CPU = Debug|Any CPU
		Release|Any CPU = Release|Any CPU
	EndGlobalSection
	GlobalSection(ProjectConfigurationPlatforms) = postSolution
		{032FB4BC-35DC-4B02-815B-E7C549B0012F}.Debug|Any CPU.ActiveCfg = Debug|Any CPU
		{032FB4BC-35DC-4B02-815B-E7C549B0012F}.Debug|Any CPU.Build.0 = Debug|Any CPU
		{032FB4BC-35DC-4B02-815B-E7C549B0012F}.Release|Any CPU.ActiveCfg = Release|Any CPU
		{032FB4BC-35DC-4B02-815B-E7C549B0012F}.Release|Any CPU.Build.0 = Release|Any CPU
	EndGlobalSection
	GlobalSection(SolutionProperties) = preSolution
		HideSolutionNode = FALSE
	EndGlobalSection
EndGlobal
