
Microsoft Visual Studio Solution File, Format Version 12.00
# Visual Studio 2013
VisualStudioVersion = 12.0.40629.0
MinimumVisualStudioVersion = 10.0.40219.1
Project("{FAE04EC0-301F-11D3-BF4B-00C04F79EFBC}") = "RockJobSchedulerService", "RockJobSchedulerService.csproj", "{40A78663-3080-4A9D-9E11-38A188555C87}"
EndProject
Project("{FAE04EC0-301F-11D3-BF4B-00C04F79EFBC}") = "Rock", "..\Rock\Rock.csproj", "{8F8C2A79-24F4-4157-8B99-45F75FA85799}"
EndProject
Project("{FAE04EC0-301F-11D3-BF4B-00C04F79EFBC}") = "DotLiquid", "..\DotLiquid\DotLiquid.csproj", "{CB9372CD-9C1D-47AB-92D8-702D4D68324F}"
EndProject
Global
	GlobalSection(SolutionConfigurationPlatforms) = preSolution
		Debug|Any CPU = Debug|Any CPU
		Debug|Mixed Platforms = Debug|Mixed Platforms
		Debug|x86 = Debug|x86
		Release|Any CPU = Release|Any CPU
		Release|Mixed Platforms = Release|Mixed Platforms
		Release|x86 = Release|x86
	EndGlobalSection
	GlobalSection(ProjectConfigurationPlatforms) = postSolution
		{40A78663-3080-4A9D-9E11-38A188555C87}.Debug|Any CPU.ActiveCfg = Debug|x86
		{40A78663-3080-4A9D-9E11-38A188555C87}.Debug|Mixed Platforms.ActiveCfg = Debug|x86
		{40A78663-3080-4A9D-9E11-38A188555C87}.Debug|Mixed Platforms.Build.0 = Debug|x86
		{40A78663-3080-4A9D-9E11-38A188555C87}.Debug|x86.ActiveCfg = Debug|x86
		{40A78663-3080-4A9D-9E11-38A188555C87}.Debug|x86.Build.0 = Debug|x86
		{40A78663-3080-4A9D-9E11-38A188555C87}.Release|Any CPU.ActiveCfg = Release|x86
		{40A78663-3080-4A9D-9E11-38A188555C87}.Release|Mixed Platforms.ActiveCfg = Release|x86
		{40A78663-3080-4A9D-9E11-38A188555C87}.Release|Mixed Platforms.Build.0 = Release|x86
		{40A78663-3080-4A9D-9E11-38A188555C87}.Release|x86.ActiveCfg = Release|x86
		{40A78663-3080-4A9D-9E11-38A188555C87}.Release|x86.Build.0 = Release|x86
		{8F8C2A79-24F4-4157-8B99-45F75FA85799}.Debug|Any CPU.ActiveCfg = Debug|Any CPU
		{8F8C2A79-24F4-4157-8B99-45F75FA85799}.Debug|Any CPU.Build.0 = Debug|Any CPU
		{8F8C2A79-24F4-4157-8B99-45F75FA85799}.Debug|Mixed Platforms.ActiveCfg = Debug|Any CPU
		{8F8C2A79-24F4-4157-8B99-45F75FA85799}.Debug|Mixed Platforms.Build.0 = Debug|Any CPU
		{8F8C2A79-24F4-4157-8B99-45F75FA85799}.Debug|x86.ActiveCfg = Debug|Any CPU
		{8F8C2A79-24F4-4157-8B99-45F75FA85799}.Release|Any CPU.ActiveCfg = Release|Any CPU
		{8F8C2A79-24F4-4157-8B99-45F75FA85799}.Release|Any CPU.Build.0 = Release|Any CPU
		{8F8C2A79-24F4-4157-8B99-45F75FA85799}.Release|Mixed Platforms.ActiveCfg = Release|Any CPU
		{8F8C2A79-24F4-4157-8B99-45F75FA85799}.Release|Mixed Platforms.Build.0 = Release|Any CPU
		{8F8C2A79-24F4-4157-8B99-45F75FA85799}.Release|x86.ActiveCfg = Release|Any CPU
		{CB9372CD-9C1D-47AB-92D8-702D4D68324F}.Debug|Any CPU.ActiveCfg = Debug|Any CPU
		{CB9372CD-9C1D-47AB-92D8-702D4D68324F}.Debug|Any CPU.Build.0 = Debug|Any CPU
		{CB9372CD-9C1D-47AB-92D8-702D4D68324F}.Debug|Mixed Platforms.ActiveCfg = Debug|Any CPU
		{CB9372CD-9C1D-47AB-92D8-702D4D68324F}.Debug|Mixed Platforms.Build.0 = Debug|Any CPU
		{CB9372CD-9C1D-47AB-92D8-702D4D68324F}.Debug|x86.ActiveCfg = Debug|Any CPU
		{CB9372CD-9C1D-47AB-92D8-702D4D68324F}.Release|Any CPU.ActiveCfg = Release|Any CPU
		{CB9372CD-9C1D-47AB-92D8-702D4D68324F}.Release|Any CPU.Build.0 = Release|Any CPU
		{CB9372CD-9C1D-47AB-92D8-702D4D68324F}.Release|Mixed Platforms.ActiveCfg = Release|Any CPU
		{CB9372CD-9C1D-47AB-92D8-702D4D68324F}.Release|Mixed Platforms.Build.0 = Release|Any CPU
		{CB9372CD-9C1D-47AB-92D8-702D4D68324F}.Release|x86.ActiveCfg = Release|Any CPU
	EndGlobalSection
	GlobalSection(SolutionProperties) = preSolution
		HideSolutionNode = FALSE
	EndGlobalSection
EndGlobal
