
Microsoft Visual Studio Solution File, Format Version 12.00
# Visual Studio Version 16
VisualStudioVersion = 16.0.31229.75
MinimumVisualStudioVersion = 10.0.40219.1
Project("{FAE04EC0-301F-11D3-BF4B-00C04F79EFBC}") = "StatementGenerator", "..\..\Applications\Wpf\StatementGenerator\StatementGenerator.csproj", "{896F254D-0CEC-46D0-AD76-E95D43CC7B8D}"
EndProject
Project("{FAE04EC0-301F-11D3-BF4B-00C04F79EFBC}") = "Rock.Wpf", "..\..\Applications\Wpf\Rock.Wpf\Rock.Wpf.csproj", "{90440596-FA0A-45E7-8872-3DA47786F6A7}"
EndProject
Project("{FAE04EC0-301F-11D3-BF4B-00C04F79EFBC}") = "Rock.Client", "..\..\Rock.Client\Rock.Client.csproj", "{6EA64BB9-9740-453A-939B-DF43AD9AC164}"
EndProject
Project("{ACA99D24-2A4B-4C16-9E92-13D6ABC4AC35}") = "StatementGeneratorInstaller", "StatementGeneratorInstaller.isproj", "{773636B0-D4AE-44CA-A896-EB12A324E288}"
	ProjectSection(ProjectDependencies) = postProject
		{896F254D-0CEC-46D0-AD76-E95D43CC7B8D} = {896F254D-0CEC-46D0-AD76-E95D43CC7B8D}
		{90440596-FA0A-45E7-8872-3DA47786F6A7} = {90440596-FA0A-45E7-8872-3DA47786F6A7}
		{6EA64BB9-9740-453A-939B-DF43AD9AC164} = {6EA64BB9-9740-453A-939B-DF43AD9AC164}
	EndProjectSection
EndProject
Global
	GlobalSection(SolutionConfigurationPlatforms) = preSolution
		CD_ROM|Any CPU = CD_ROM|Any CPU
		Custom|Any CPU = Custom|Any CPU
		Debug|Any CPU = Debug|Any CPU
		DVD-10|Any CPU = DVD-10|Any CPU
		DVD-18|Any CPU = DVD-18|Any CPU
		DVD-5|Any CPU = DVD-5|Any CPU
		DVD-9|Any CPU = DVD-9|Any CPU
		Release|Any CPU = Release|Any CPU
		SingleImage|Any CPU = SingleImage|Any CPU
		WebDeployment|Any CPU = WebDeployment|Any CPU
	EndGlobalSection
	GlobalSection(ProjectConfigurationPlatforms) = postSolution
		{896F254D-0CEC-46D0-AD76-E95D43CC7B8D}.CD_ROM|Any CPU.ActiveCfg = Release|Any CPU
		{896F254D-0CEC-46D0-AD76-E95D43CC7B8D}.CD_ROM|Any CPU.Build.0 = Release|Any CPU
		{896F254D-0CEC-46D0-AD76-E95D43CC7B8D}.Custom|Any CPU.ActiveCfg = Debug|Any CPU
		{896F254D-0CEC-46D0-AD76-E95D43CC7B8D}.Custom|Any CPU.Build.0 = Debug|Any CPU
		{896F254D-0CEC-46D0-AD76-E95D43CC7B8D}.Debug|Any CPU.ActiveCfg = Debug|Any CPU
		{896F254D-0CEC-46D0-AD76-E95D43CC7B8D}.Debug|Any CPU.Build.0 = Debug|Any CPU
		{896F254D-0CEC-46D0-AD76-E95D43CC7B8D}.DVD-10|Any CPU.ActiveCfg = Debug|Any CPU
		{896F254D-0CEC-46D0-AD76-E95D43CC7B8D}.DVD-10|Any CPU.Build.0 = Debug|Any CPU
		{896F254D-0CEC-46D0-AD76-E95D43CC7B8D}.DVD-18|Any CPU.ActiveCfg = Debug|Any CPU
		{896F254D-0CEC-46D0-AD76-E95D43CC7B8D}.DVD-18|Any CPU.Build.0 = Debug|Any CPU
		{896F254D-0CEC-46D0-AD76-E95D43CC7B8D}.DVD-5|Any CPU.ActiveCfg = Debug|Any CPU
		{896F254D-0CEC-46D0-AD76-E95D43CC7B8D}.DVD-5|Any CPU.Build.0 = Debug|Any CPU
		{896F254D-0CEC-46D0-AD76-E95D43CC7B8D}.DVD-9|Any CPU.ActiveCfg = Debug|Any CPU
		{896F254D-0CEC-46D0-AD76-E95D43CC7B8D}.DVD-9|Any CPU.Build.0 = Debug|Any CPU
		{896F254D-0CEC-46D0-AD76-E95D43CC7B8D}.Release|Any CPU.ActiveCfg = Release|Any CPU
		{896F254D-0CEC-46D0-AD76-E95D43CC7B8D}.Release|Any CPU.Build.0 = Release|Any CPU
		{896F254D-0CEC-46D0-AD76-E95D43CC7B8D}.SingleImage|Any CPU.ActiveCfg = Release|Any CPU
		{896F254D-0CEC-46D0-AD76-E95D43CC7B8D}.SingleImage|Any CPU.Build.0 = Release|Any CPU
		{896F254D-0CEC-46D0-AD76-E95D43CC7B8D}.WebDeployment|Any CPU.ActiveCfg = Debug|Any CPU
		{896F254D-0CEC-46D0-AD76-E95D43CC7B8D}.WebDeployment|Any CPU.Build.0 = Debug|Any CPU
		{90440596-FA0A-45E7-8872-3DA47786F6A7}.CD_ROM|Any CPU.ActiveCfg = Release|Any CPU
		{90440596-FA0A-45E7-8872-3DA47786F6A7}.CD_ROM|Any CPU.Build.0 = Release|Any CPU
		{90440596-FA0A-45E7-8872-3DA47786F6A7}.Custom|Any CPU.ActiveCfg = Debug|Any CPU
		{90440596-FA0A-45E7-8872-3DA47786F6A7}.Custom|Any CPU.Build.0 = Debug|Any CPU
		{90440596-FA0A-45E7-8872-3DA47786F6A7}.Debug|Any CPU.ActiveCfg = Debug|Any CPU
		{90440596-FA0A-45E7-8872-3DA47786F6A7}.Debug|Any CPU.Build.0 = Debug|Any CPU
		{90440596-FA0A-45E7-8872-3DA47786F6A7}.DVD-10|Any CPU.ActiveCfg = Debug|Any CPU
		{90440596-FA0A-45E7-8872-3DA47786F6A7}.DVD-10|Any CPU.Build.0 = Debug|Any CPU
		{90440596-FA0A-45E7-8872-3DA47786F6A7}.DVD-18|Any CPU.ActiveCfg = Debug|Any CPU
		{90440596-FA0A-45E7-8872-3DA47786F6A7}.DVD-18|Any CPU.Build.0 = Debug|Any CPU
		{90440596-FA0A-45E7-8872-3DA47786F6A7}.DVD-5|Any CPU.ActiveCfg = Debug|Any CPU
		{90440596-FA0A-45E7-8872-3DA47786F6A7}.DVD-5|Any CPU.Build.0 = Debug|Any CPU
		{90440596-FA0A-45E7-8872-3DA47786F6A7}.DVD-9|Any CPU.ActiveCfg = Debug|Any CPU
		{90440596-FA0A-45E7-8872-3DA47786F6A7}.DVD-9|Any CPU.Build.0 = Debug|Any CPU
		{90440596-FA0A-45E7-8872-3DA47786F6A7}.Release|Any CPU.ActiveCfg = Release|Any CPU
		{90440596-FA0A-45E7-8872-3DA47786F6A7}.Release|Any CPU.Build.0 = Release|Any CPU
		{90440596-FA0A-45E7-8872-3DA47786F6A7}.SingleImage|Any CPU.ActiveCfg = Release|Any CPU
		{90440596-FA0A-45E7-8872-3DA47786F6A7}.SingleImage|Any CPU.Build.0 = Release|Any CPU
		{90440596-FA0A-45E7-8872-3DA47786F6A7}.WebDeployment|Any CPU.ActiveCfg = Debug|Any CPU
		{90440596-FA0A-45E7-8872-3DA47786F6A7}.WebDeployment|Any CPU.Build.0 = Debug|Any CPU
		{6EA64BB9-9740-453A-939B-DF43AD9AC164}.CD_ROM|Any CPU.ActiveCfg = Release|Any CPU
		{6EA64BB9-9740-453A-939B-DF43AD9AC164}.CD_ROM|Any CPU.Build.0 = Release|Any CPU
		{6EA64BB9-9740-453A-939B-DF43AD9AC164}.Custom|Any CPU.ActiveCfg = Debug|Any CPU
		{6EA64BB9-9740-453A-939B-DF43AD9AC164}.Custom|Any CPU.Build.0 = Debug|Any CPU
		{6EA64BB9-9740-453A-939B-DF43AD9AC164}.Debug|Any CPU.ActiveCfg = Debug|Any CPU
		{6EA64BB9-9740-453A-939B-DF43AD9AC164}.Debug|Any CPU.Build.0 = Debug|Any CPU
		{6EA64BB9-9740-453A-939B-DF43AD9AC164}.DVD-10|Any CPU.ActiveCfg = Debug|Any CPU
		{6EA64BB9-9740-453A-939B-DF43AD9AC164}.DVD-10|Any CPU.Build.0 = Debug|Any CPU
		{6EA64BB9-9740-453A-939B-DF43AD9AC164}.DVD-18|Any CPU.ActiveCfg = Debug|Any CPU
		{6EA64BB9-9740-453A-939B-DF43AD9AC164}.DVD-18|Any CPU.Build.0 = Debug|Any CPU
		{6EA64BB9-9740-453A-939B-DF43AD9AC164}.DVD-5|Any CPU.ActiveCfg = Debug|Any CPU
		{6EA64BB9-9740-453A-939B-DF43AD9AC164}.DVD-5|Any CPU.Build.0 = Debug|Any CPU
		{6EA64BB9-9740-453A-939B-DF43AD9AC164}.DVD-9|Any CPU.ActiveCfg = Debug|Any CPU
		{6EA64BB9-9740-453A-939B-DF43AD9AC164}.DVD-9|Any CPU.Build.0 = Debug|Any CPU
		{6EA64BB9-9740-453A-939B-DF43AD9AC164}.Release|Any CPU.ActiveCfg = Release|Any CPU
		{6EA64BB9-9740-453A-939B-DF43AD9AC164}.Release|Any CPU.Build.0 = Release|Any CPU
		{6EA64BB9-9740-453A-939B-DF43AD9AC164}.SingleImage|Any CPU.ActiveCfg = Release|Any CPU
		{6EA64BB9-9740-453A-939B-DF43AD9AC164}.SingleImage|Any CPU.Build.0 = Release|Any CPU
		{6EA64BB9-9740-453A-939B-DF43AD9AC164}.WebDeployment|Any CPU.ActiveCfg = Debug|Any CPU
		{6EA64BB9-9740-453A-939B-DF43AD9AC164}.WebDeployment|Any CPU.Build.0 = Debug|Any CPU
		{773636B0-D4AE-44CA-A896-EB12A324E288}.CD_ROM|Any CPU.ActiveCfg = CD_ROM
		{773636B0-D4AE-44CA-A896-EB12A324E288}.CD_ROM|Any CPU.Build.0 = CD_ROM
		{773636B0-D4AE-44CA-A896-EB12A324E288}.Custom|Any CPU.ActiveCfg = Custom
		{773636B0-D4AE-44CA-A896-EB12A324E288}.Custom|Any CPU.Build.0 = Custom
		{773636B0-D4AE-44CA-A896-EB12A324E288}.Debug|Any CPU.ActiveCfg = DVD-9
		{773636B0-D4AE-44CA-A896-EB12A324E288}.Debug|Any CPU.Build.0 = DVD-9
		{773636B0-D4AE-44CA-A896-EB12A324E288}.DVD-10|Any CPU.ActiveCfg = DVD-10
		{773636B0-D4AE-44CA-A896-EB12A324E288}.DVD-10|Any CPU.Build.0 = DVD-10
		{773636B0-D4AE-44CA-A896-EB12A324E288}.DVD-18|Any CPU.ActiveCfg = DVD-18
		{773636B0-D4AE-44CA-A896-EB12A324E288}.DVD-18|Any CPU.Build.0 = DVD-18
		{773636B0-D4AE-44CA-A896-EB12A324E288}.DVD-5|Any CPU.ActiveCfg = DVD-5
		{773636B0-D4AE-44CA-A896-EB12A324E288}.DVD-5|Any CPU.Build.0 = DVD-5
		{773636B0-D4AE-44CA-A896-EB12A324E288}.DVD-9|Any CPU.ActiveCfg = DVD-9
		{773636B0-D4AE-44CA-A896-EB12A324E288}.DVD-9|Any CPU.Build.0 = DVD-9
		{773636B0-D4AE-44CA-A896-EB12A324E288}.Release|Any CPU.ActiveCfg = SingleImage
		{773636B0-D4AE-44CA-A896-EB12A324E288}.Release|Any CPU.Build.0 = SingleImage
		{773636B0-D4AE-44CA-A896-EB12A324E288}.SingleImage|Any CPU.ActiveCfg = SingleImage
		{773636B0-D4AE-44CA-A896-EB12A324E288}.SingleImage|Any CPU.Build.0 = SingleImage
		{773636B0-D4AE-44CA-A896-EB12A324E288}.WebDeployment|Any CPU.ActiveCfg = WebDeployment
		{773636B0-D4AE-44CA-A896-EB12A324E288}.WebDeployment|Any CPU.Build.0 = WebDeployment
	EndGlobalSection
	GlobalSection(SolutionProperties) = preSolution
		HideSolutionNode = FALSE
	EndGlobalSection
	GlobalSection(ExtensibilityGlobals) = postSolution
		SolutionGuid = {FAF706B3-951B-464F-A43A-C0955947D6C7}
	EndGlobalSection
EndGlobal
