
Microsoft Visual Studio Solution File, Format Version 12.00
# Visual Studio 15
VisualStudioVersion = 15.0.28307.572
MinimumVisualStudioVersion = 10.0.40219.1
Project("{ACA99D24-2A4B-4C16-9E92-13D6ABC4AC35}") = "CheckScannerInstaller", "CheckScannerInstaller.isproj", "{759390FE-3C03-4EEB-B6C0-FA307FEA1D12}"
	ProjectSection(ProjectDependencies) = postProject
		{41D111D0-0579-45FF-9EC5-BEE6736C81D6} = {41D111D0-0579-45FF-9EC5-BEE6736C81D6}
	EndProjectSection
EndProject
Project("{FAE04EC0-301F-11D3-BF4B-00C04F79EFBC}") = "CheckScannerUtility", "..\..\Applications\Wpf\CheckScannerUtility\CheckScannerUtility\CheckScannerUtility.csproj", "{41D111D0-0579-45FF-9EC5-BEE6736C81D6}"
EndProject
Project("{FAE04EC0-301F-11D3-BF4B-00C04F79EFBC}") = "Rock.Wpf", "..\..\Applications\Wpf\Rock.Wpf\Rock.Wpf.csproj", "{90440596-FA0A-45E7-8872-3DA47786F6A7}"
EndProject
Project("{FAE04EC0-301F-11D3-BF4B-00C04F79EFBC}") = "Rock.Client", "..\..\Rock.Client\Rock.Client.csproj", "{6EA64BB9-9740-453A-939B-DF43AD9AC164}"
EndProject
Project("{FAE04EC0-301F-11D3-BF4B-00C04F79EFBC}") = "AXInteropBuilder", "..\..\Applications\Wpf\CheckScannerUtility\AXInteropBuilder\AXInteropBuilder.csproj", "{ECCFB547-327B-42DC-9891-745DE7A52923}"
EndProject
Project("{FAE04EC0-301F-11D3-BF4B-00C04F79EFBC}") = "Rock.RestClient", "..\..\Rock.RestClient\Rock.RestClient.csproj", "{7794B7F5-B449-46D5-94CC-1C58EB726D3F}"
EndProject
Global
	GlobalSection(SolutionConfigurationPlatforms) = preSolution
		CD_ROM|Any CPU = CD_ROM|Any CPU
		Custom|Any CPU = Custom|Any CPU
		Debug|Any CPU = Debug|Any CPU
		DVD-10|Any CPU = DVD-10|Any CPU
		DVD-18|Any CPU = DVD-18|Any CPU
		DVD-5|Any CPU = DVD-5|Any CPU
		DVD-9|Any CPU = DVD-9|Any CPU
		Release|Any CPU = Release|Any CPU
		SingleImage|Any CPU = SingleImage|Any CPU
		WebDeployment|Any CPU = WebDeployment|Any CPU
	EndGlobalSection
	GlobalSection(ProjectConfigurationPlatforms) = postSolution
		{759390FE-3C03-4EEB-B6C0-FA307FEA1D12}.CD_ROM|Any CPU.ActiveCfg = CD_ROM
		{759390FE-3C03-4EEB-B6C0-FA307FEA1D12}.CD_ROM|Any CPU.Build.0 = CD_ROM
		{759390FE-3C03-4EEB-B6C0-FA307FEA1D12}.Custom|Any CPU.ActiveCfg = Custom
		{759390FE-3C03-4EEB-B6C0-FA307FEA1D12}.Custom|Any CPU.Build.0 = Custom
		{759390FE-3C03-4EEB-B6C0-FA307FEA1D12}.Debug|Any CPU.ActiveCfg = DVD-9
		{759390FE-3C03-4EEB-B6C0-FA307FEA1D12}.Debug|Any CPU.Build.0 = DVD-9
		{759390FE-3C03-4EEB-B6C0-FA307FEA1D12}.DVD-10|Any CPU.ActiveCfg = DVD-10
		{759390FE-3C03-4EEB-B6C0-FA307FEA1D12}.DVD-10|Any CPU.Build.0 = DVD-10
		{759390FE-3C03-4EEB-B6C0-FA307FEA1D12}.DVD-18|Any CPU.ActiveCfg = DVD-18
		{759390FE-3C03-4EEB-B6C0-FA307FEA1D12}.DVD-18|Any CPU.Build.0 = DVD-18
		{759390FE-3C03-4EEB-B6C0-FA307FEA1D12}.DVD-5|Any CPU.ActiveCfg = DVD-5
		{759390FE-3C03-4EEB-B6C0-FA307FEA1D12}.DVD-5|Any CPU.Build.0 = DVD-5
		{759390FE-3C03-4EEB-B6C0-FA307FEA1D12}.DVD-9|Any CPU.ActiveCfg = DVD-9
		{759390FE-3C03-4EEB-B6C0-FA307FEA1D12}.DVD-9|Any CPU.Build.0 = DVD-9
		{759390FE-3C03-4EEB-B6C0-FA307FEA1D12}.Release|Any CPU.ActiveCfg = WebDeployment
		{759390FE-3C03-4EEB-B6C0-FA307FEA1D12}.Release|Any CPU.Build.0 = WebDeployment
		{759390FE-3C03-4EEB-B6C0-FA307FEA1D12}.SingleImage|Any CPU.ActiveCfg = SingleImage
		{759390FE-3C03-4EEB-B6C0-FA307FEA1D12}.SingleImage|Any CPU.Build.0 = SingleImage
		{759390FE-3C03-4EEB-B6C0-FA307FEA1D12}.WebDeployment|Any CPU.ActiveCfg = WebDeployment
		{759390FE-3C03-4EEB-B6C0-FA307FEA1D12}.WebDeployment|Any CPU.Build.0 = WebDeployment
		{41D111D0-0579-45FF-9EC5-BEE6736C81D6}.CD_ROM|Any CPU.ActiveCfg = Release|Any CPU
		{41D111D0-0579-45FF-9EC5-BEE6736C81D6}.CD_ROM|Any CPU.Build.0 = Release|Any CPU
		{41D111D0-0579-45FF-9EC5-BEE6736C81D6}.Custom|Any CPU.ActiveCfg = Release|Any CPU
		{41D111D0-0579-45FF-9EC5-BEE6736C81D6}.Custom|Any CPU.Build.0 = Release|Any CPU
		{41D111D0-0579-45FF-9EC5-BEE6736C81D6}.Debug|Any CPU.ActiveCfg = Debug|Any CPU
		{41D111D0-0579-45FF-9EC5-BEE6736C81D6}.Debug|Any CPU.Build.0 = Debug|Any CPU
		{41D111D0-0579-45FF-9EC5-BEE6736C81D6}.DVD-10|Any CPU.ActiveCfg = Debug|Any CPU
		{41D111D0-0579-45FF-9EC5-BEE6736C81D6}.DVD-10|Any CPU.Build.0 = Debug|Any CPU
		{41D111D0-0579-45FF-9EC5-BEE6736C81D6}.DVD-18|Any CPU.ActiveCfg = Debug|Any CPU
		{41D111D0-0579-45FF-9EC5-BEE6736C81D6}.DVD-18|Any CPU.Build.0 = Debug|Any CPU
		{41D111D0-0579-45FF-9EC5-BEE6736C81D6}.DVD-5|Any CPU.ActiveCfg = Debug|Any CPU
		{41D111D0-0579-45FF-9EC5-BEE6736C81D6}.DVD-5|Any CPU.Build.0 = Debug|Any CPU
		{41D111D0-0579-45FF-9EC5-BEE6736C81D6}.DVD-9|Any CPU.ActiveCfg = Debug|Any CPU
		{41D111D0-0579-45FF-9EC5-BEE6736C81D6}.DVD-9|Any CPU.Build.0 = Debug|Any CPU
		{41D111D0-0579-45FF-9EC5-BEE6736C81D6}.Release|Any CPU.ActiveCfg = Release|Any CPU
		{41D111D0-0579-45FF-9EC5-BEE6736C81D6}.Release|Any CPU.Build.0 = Release|Any CPU
		{41D111D0-0579-45FF-9EC5-BEE6736C81D6}.SingleImage|Any CPU.ActiveCfg = Release|Any CPU
		{41D111D0-0579-45FF-9EC5-BEE6736C81D6}.SingleImage|Any CPU.Build.0 = Release|Any CPU
		{41D111D0-0579-45FF-9EC5-BEE6736C81D6}.WebDeployment|Any CPU.ActiveCfg = Release|Any CPU
		{41D111D0-0579-45FF-9EC5-BEE6736C81D6}.WebDeployment|Any CPU.Build.0 = Release|Any CPU
		{90440596-FA0A-45E7-8872-3DA47786F6A7}.CD_ROM|Any CPU.ActiveCfg = Release|Any CPU
		{90440596-FA0A-45E7-8872-3DA47786F6A7}.CD_ROM|Any CPU.Build.0 = Release|Any CPU
		{90440596-FA0A-45E7-8872-3DA47786F6A7}.Custom|Any CPU.ActiveCfg = Release|Any CPU
		{90440596-FA0A-45E7-8872-3DA47786F6A7}.Custom|Any CPU.Build.0 = Release|Any CPU
		{90440596-FA0A-45E7-8872-3DA47786F6A7}.Debug|Any CPU.ActiveCfg = Debug|Any CPU
		{90440596-FA0A-45E7-8872-3DA47786F6A7}.Debug|Any CPU.Build.0 = Debug|Any CPU
		{90440596-FA0A-45E7-8872-3DA47786F6A7}.DVD-10|Any CPU.ActiveCfg = Debug|Any CPU
		{90440596-FA0A-45E7-8872-3DA47786F6A7}.DVD-10|Any CPU.Build.0 = Debug|Any CPU
		{90440596-FA0A-45E7-8872-3DA47786F6A7}.DVD-18|Any CPU.ActiveCfg = Debug|Any CPU
		{90440596-FA0A-45E7-8872-3DA47786F6A7}.DVD-18|Any CPU.Build.0 = Debug|Any CPU
		{90440596-FA0A-45E7-8872-3DA47786F6A7}.DVD-5|Any CPU.ActiveCfg = Debug|Any CPU
		{90440596-FA0A-45E7-8872-3DA47786F6A7}.DVD-5|Any CPU.Build.0 = Debug|Any CPU
		{90440596-FA0A-45E7-8872-3DA47786F6A7}.DVD-9|Any CPU.ActiveCfg = Debug|Any CPU
		{90440596-FA0A-45E7-8872-3DA47786F6A7}.DVD-9|Any CPU.Build.0 = Debug|Any CPU
		{90440596-FA0A-45E7-8872-3DA47786F6A7}.Release|Any CPU.ActiveCfg = Release|Any CPU
		{90440596-FA0A-45E7-8872-3DA47786F6A7}.Release|Any CPU.Build.0 = Release|Any CPU
		{90440596-FA0A-45E7-8872-3DA47786F6A7}.SingleImage|Any CPU.ActiveCfg = Release|Any CPU
		{90440596-FA0A-45E7-8872-3DA47786F6A7}.SingleImage|Any CPU.Build.0 = Release|Any CPU
		{90440596-FA0A-45E7-8872-3DA47786F6A7}.WebDeployment|Any CPU.ActiveCfg = Release|Any CPU
		{90440596-FA0A-45E7-8872-3DA47786F6A7}.WebDeployment|Any CPU.Build.0 = Release|Any CPU
		{6EA64BB9-9740-453A-939B-DF43AD9AC164}.CD_ROM|Any CPU.ActiveCfg = Release|Any CPU
		{6EA64BB9-9740-453A-939B-DF43AD9AC164}.CD_ROM|Any CPU.Build.0 = Release|Any CPU
		{6EA64BB9-9740-453A-939B-DF43AD9AC164}.Custom|Any CPU.ActiveCfg = Release|Any CPU
		{6EA64BB9-9740-453A-939B-DF43AD9AC164}.Custom|Any CPU.Build.0 = Release|Any CPU
		{6EA64BB9-9740-453A-939B-DF43AD9AC164}.Debug|Any CPU.ActiveCfg = Debug|Any CPU
		{6EA64BB9-9740-453A-939B-DF43AD9AC164}.Debug|Any CPU.Build.0 = Debug|Any CPU
		{6EA64BB9-9740-453A-939B-DF43AD9AC164}.DVD-10|Any CPU.ActiveCfg = Debug|Any CPU
		{6EA64BB9-9740-453A-939B-DF43AD9AC164}.DVD-10|Any CPU.Build.0 = Debug|Any CPU
		{6EA64BB9-9740-453A-939B-DF43AD9AC164}.DVD-18|Any CPU.ActiveCfg = Debug|Any CPU
		{6EA64BB9-9740-453A-939B-DF43AD9AC164}.DVD-18|Any CPU.Build.0 = Debug|Any CPU
		{6EA64BB9-9740-453A-939B-DF43AD9AC164}.DVD-5|Any CPU.ActiveCfg = Debug|Any CPU
		{6EA64BB9-9740-453A-939B-DF43AD9AC164}.DVD-5|Any CPU.Build.0 = Debug|Any CPU
		{6EA64BB9-9740-453A-939B-DF43AD9AC164}.DVD-9|Any CPU.ActiveCfg = Debug|Any CPU
		{6EA64BB9-9740-453A-939B-DF43AD9AC164}.DVD-9|Any CPU.Build.0 = Debug|Any CPU
		{6EA64BB9-9740-453A-939B-DF43AD9AC164}.Release|Any CPU.ActiveCfg = Release|Any CPU
		{6EA64BB9-9740-453A-939B-DF43AD9AC164}.Release|Any CPU.Build.0 = Release|Any CPU
		{6EA64BB9-9740-453A-939B-DF43AD9AC164}.SingleImage|Any CPU.ActiveCfg = Release|Any CPU
		{6EA64BB9-9740-453A-939B-DF43AD9AC164}.SingleImage|Any CPU.Build.0 = Release|Any CPU
		{6EA64BB9-9740-453A-939B-DF43AD9AC164}.WebDeployment|Any CPU.ActiveCfg = Release|Any CPU
		{6EA64BB9-9740-453A-939B-DF43AD9AC164}.WebDeployment|Any CPU.Build.0 = Release|Any CPU
		{ECCFB547-327B-42DC-9891-745DE7A52923}.CD_ROM|Any CPU.ActiveCfg = Release|Any CPU
		{ECCFB547-327B-42DC-9891-745DE7A52923}.CD_ROM|Any CPU.Build.0 = Release|Any CPU
		{ECCFB547-327B-42DC-9891-745DE7A52923}.Custom|Any CPU.ActiveCfg = Release|Any CPU
		{ECCFB547-327B-42DC-9891-745DE7A52923}.Custom|Any CPU.Build.0 = Release|Any CPU
		{ECCFB547-327B-42DC-9891-745DE7A52923}.Debug|Any CPU.ActiveCfg = Debug|Any CPU
		{ECCFB547-327B-42DC-9891-745DE7A52923}.Debug|Any CPU.Build.0 = Debug|Any CPU
		{ECCFB547-327B-42DC-9891-745DE7A52923}.DVD-10|Any CPU.ActiveCfg = Debug|Any CPU
		{ECCFB547-327B-42DC-9891-745DE7A52923}.DVD-10|Any CPU.Build.0 = Debug|Any CPU
		{ECCFB547-327B-42DC-9891-745DE7A52923}.DVD-18|Any CPU.ActiveCfg = Debug|Any CPU
		{ECCFB547-327B-42DC-9891-745DE7A52923}.DVD-18|Any CPU.Build.0 = Debug|Any CPU
		{ECCFB547-327B-42DC-9891-745DE7A52923}.DVD-5|Any CPU.ActiveCfg = Debug|Any CPU
		{ECCFB547-327B-42DC-9891-745DE7A52923}.DVD-5|Any CPU.Build.0 = Debug|Any CPU
		{ECCFB547-327B-42DC-9891-745DE7A52923}.DVD-9|Any CPU.ActiveCfg = Debug|Any CPU
		{ECCFB547-327B-42DC-9891-745DE7A52923}.DVD-9|Any CPU.Build.0 = Debug|Any CPU
		{ECCFB547-327B-42DC-9891-745DE7A52923}.Release|Any CPU.ActiveCfg = Release|Any CPU
		{ECCFB547-327B-42DC-9891-745DE7A52923}.Release|Any CPU.Build.0 = Release|Any CPU
		{ECCFB547-327B-42DC-9891-745DE7A52923}.SingleImage|Any CPU.ActiveCfg = Release|Any CPU
		{ECCFB547-327B-42DC-9891-745DE7A52923}.SingleImage|Any CPU.Build.0 = Release|Any CPU
		{ECCFB547-327B-42DC-9891-745DE7A52923}.WebDeployment|Any CPU.ActiveCfg = Release|Any CPU
		{ECCFB547-327B-42DC-9891-745DE7A52923}.WebDeployment|Any CPU.Build.0 = Release|Any CPU
		{7794B7F5-B449-46D5-94CC-1C58EB726D3F}.CD_ROM|Any CPU.ActiveCfg = Release|Any CPU
		{7794B7F5-B449-46D5-94CC-1C58EB726D3F}.CD_ROM|Any CPU.Build.0 = Release|Any CPU
		{7794B7F5-B449-46D5-94CC-1C58EB726D3F}.Custom|Any CPU.ActiveCfg = Release|Any CPU
		{7794B7F5-B449-46D5-94CC-1C58EB726D3F}.Custom|Any CPU.Build.0 = Release|Any CPU
		{7794B7F5-B449-46D5-94CC-1C58EB726D3F}.Debug|Any CPU.ActiveCfg = Debug|Any CPU
		{7794B7F5-B449-46D5-94CC-1C58EB726D3F}.Debug|Any CPU.Build.0 = Debug|Any CPU
		{7794B7F5-B449-46D5-94CC-1C58EB726D3F}.DVD-10|Any CPU.ActiveCfg = Debug|Any CPU
		{7794B7F5-B449-46D5-94CC-1C58EB726D3F}.DVD-10|Any CPU.Build.0 = Debug|Any CPU
		{7794B7F5-B449-46D5-94CC-1C58EB726D3F}.DVD-18|Any CPU.ActiveCfg = Debug|Any CPU
		{7794B7F5-B449-46D5-94CC-1C58EB726D3F}.DVD-18|Any CPU.Build.0 = Debug|Any CPU
		{7794B7F5-B449-46D5-94CC-1C58EB726D3F}.DVD-5|Any CPU.ActiveCfg = Debug|Any CPU
		{7794B7F5-B449-46D5-94CC-1C58EB726D3F}.DVD-5|Any CPU.Build.0 = Debug|Any CPU
		{7794B7F5-B449-46D5-94CC-1C58EB726D3F}.DVD-9|Any CPU.ActiveCfg = Debug|Any CPU
		{7794B7F5-B449-46D5-94CC-1C58EB726D3F}.DVD-9|Any CPU.Build.0 = Debug|Any CPU
		{7794B7F5-B449-46D5-94CC-1C58EB726D3F}.Release|Any CPU.ActiveCfg = Release|Any CPU
		{7794B7F5-B449-46D5-94CC-1C58EB726D3F}.Release|Any CPU.Build.0 = Release|Any CPU
		{7794B7F5-B449-46D5-94CC-1C58EB726D3F}.SingleImage|Any CPU.ActiveCfg = Release|Any CPU
		{7794B7F5-B449-46D5-94CC-1C58EB726D3F}.SingleImage|Any CPU.Build.0 = Release|Any CPU
		{7794B7F5-B449-46D5-94CC-1C58EB726D3F}.WebDeployment|Any CPU.ActiveCfg = Release|Any CPU
		{7794B7F5-B449-46D5-94CC-1C58EB726D3F}.WebDeployment|Any CPU.Build.0 = Release|Any CPU
	EndGlobalSection
	GlobalSection(SolutionProperties) = preSolution
		HideSolutionNode = FALSE
	EndGlobalSection
	GlobalSection(ExtensibilityGlobals) = postSolution
		SolutionGuid = {210B2821-10DD-4497-AF2E-C71D7AFE7733}
	EndGlobalSection
EndGlobal
