
Microsoft Visual Studio Solution File, Format Version 12.00
# Visual Studio Version 16
VisualStudioVersion = 16.0.31112.23
MinimumVisualStudioVersion = 10.0.40219.1
Project("{2150E333-8FDC-42A3-9474-1A3956D46DE8}") = "Solution Items", "Solution Items", "{1C2EBDF6-1660-41B5-98FC-51125B231F55}"
	ProjectSection(SolutionItems) = preProject
		CheckScannerUtility\ReadMe.txt = CheckScannerUtility\ReadMe.txt
	EndProjectSection
EndProject
Project("{FAE04EC0-301F-11D3-BF4B-00C04F79EFBC}") = "CheckScannerUtility", "CheckScannerUtility\CheckScannerUtility\CheckScannerUtility.csproj", "{41D111D0-0579-45FF-9EC5-BEE6736C81D6}"
EndProject
Project("{FAE04EC0-301F-11D3-BF4B-00C04F79EFBC}") = "Rock.Client", "..\..\Rock.Client\Rock.Client.csproj", "{6EA64BB9-9740-453A-939B-DF43AD9AC164}"
EndProject
Project("{FAE04EC0-301F-11D3-BF4B-00C04F79EFBC}") = "Rock.RestClient", "..\..\Rock.RestClient\Rock.RestClient.csproj", "{7794B7F5-B449-46D5-94CC-1C58EB726D3F}"
EndProject
Project("{FAE04EC0-301F-11D3-BF4B-00C04F79EFBC}") = "Rock.Wpf", "Rock.Wpf\Rock.Wpf.csproj", "{90440596-FA0A-45E7-8872-3DA47786F6A7}"
EndProject
Project("{FAE04EC0-301F-11D3-BF4B-00C04F79EFBC}") = "AXInteropBuilder", "CheckScannerUtility\AXInteropBuilder\AXInteropBuilder.csproj", "{ECCFB547-327B-42DC-9891-745DE7A52923}"
EndProject
Global
	GlobalSection(SolutionConfigurationPlatforms) = preSolution
		Debug|Any CPU = Debug|Any CPU
		Release|Any CPU = Release|Any CPU
	EndGlobalSection
	GlobalSection(ProjectConfigurationPlatforms) = postSolution
		{41D111D0-0579-45FF-9EC5-BEE6736C81D6}.Debug|Any CPU.ActiveCfg = Debug|Any CPU
		{41D111D0-0579-45FF-9EC5-BEE6736C81D6}.Debug|Any CPU.Build.0 = Debug|Any CPU
		{41D111D0-0579-45FF-9EC5-BEE6736C81D6}.Release|Any CPU.ActiveCfg = Release|Any CPU
		{41D111D0-0579-45FF-9EC5-BEE6736C81D6}.Release|Any CPU.Build.0 = Release|Any CPU
		{6EA64BB9-9740-453A-939B-DF43AD9AC164}.Debug|Any CPU.ActiveCfg = Debug|Any CPU
		{6EA64BB9-9740-453A-939B-DF43AD9AC164}.Debug|Any CPU.Build.0 = Debug|Any CPU
		{6EA64BB9-9740-453A-939B-DF43AD9AC164}.Release|Any CPU.ActiveCfg = Release|Any CPU
		{6EA64BB9-9740-453A-939B-DF43AD9AC164}.Release|Any CPU.Build.0 = Release|Any CPU
		{7794B7F5-B449-46D5-94CC-1C58EB726D3F}.Debug|Any CPU.ActiveCfg = Debug|Any CPU
		{7794B7F5-B449-46D5-94CC-1C58EB726D3F}.Debug|Any CPU.Build.0 = Debug|Any CPU
		{7794B7F5-B449-46D5-94CC-1C58EB726D3F}.Release|Any CPU.ActiveCfg = Release|Any CPU
		{7794B7F5-B449-46D5-94CC-1C58EB726D3F}.Release|Any CPU.Build.0 = Release|Any CPU
		{90440596-FA0A-45E7-8872-3DA47786F6A7}.Debug|Any CPU.ActiveCfg = Debug|Any CPU
		{90440596-FA0A-45E7-8872-3DA47786F6A7}.Debug|Any CPU.Build.0 = Debug|Any CPU
		{90440596-FA0A-45E7-8872-3DA47786F6A7}.Release|Any CPU.ActiveCfg = Release|Any CPU
		{90440596-FA0A-45E7-8872-3DA47786F6A7}.Release|Any CPU.Build.0 = Release|Any CPU
		{ECCFB547-327B-42DC-9891-745DE7A52923}.Debug|Any CPU.ActiveCfg = Debug|Any CPU
		{ECCFB547-327B-42DC-9891-745DE7A52923}.Debug|Any CPU.Build.0 = Debug|Any CPU
		{ECCFB547-327B-42DC-9891-745DE7A52923}.Release|Any CPU.ActiveCfg = Release|Any CPU
		{ECCFB547-327B-42DC-9891-745DE7A52923}.Release|Any CPU.Build.0 = Release|Any CPU
	EndGlobalSection
	GlobalSection(SolutionProperties) = preSolution
		HideSolutionNode = FALSE
	EndGlobalSection
	GlobalSection(ExtensibilityGlobals) = postSolution
		SolutionGuid = {25FC7430-249C-4F84-896A-3C66562585FB}
	EndGlobalSection
EndGlobal
