
Microsoft Visual Studio Solution File, Format Version 12.00
# Visual Studio Version 17
VisualStudioVersion = 17.6.33829.357
MinimumVisualStudioVersion = 10.0.40219.1
Project("{FAE04EC0-301F-11D3-BF4B-00C04F79EFBC}") = "InteractiveExperienceLoadTest", "InteractiveExperienceLoadTest\InteractiveExperienceLoadTest.csproj", "{F298BA91-E22D-4420-84A0-2D2FF6E7F557}"
EndProject
Global
	GlobalSection(SolutionConfigurationPlatforms) = preSolution
		Debug|Any CPU = Debug|Any CPU
		Release|Any CPU = Release|Any CPU
	EndGlobalSection
	GlobalSection(ProjectConfigurationPlatforms) = postSolution
		{F298BA91-E22D-4420-84A0-2D2FF6E7F557}.Debug|Any CPU.ActiveCfg = Debug|Any CPU
		{F298BA91-E22D-4420-84A0-2D2FF6E7F557}.Debug|Any CPU.Build.0 = Debug|Any CPU
		{F298BA91-E22D-4420-84A0-2D2FF6E7F557}.Release|Any CPU.ActiveCfg = Release|Any CPU
		{F298BA91-E22D-4420-84A0-2D2FF6E7F557}.Release|Any CPU.Build.0 = Release|Any CPU
	EndGlobalSection
	GlobalSection(SolutionProperties) = preSolution
		HideSolutionNode = FALSE
	EndGlobalSection
	GlobalSection(ExtensibilityGlobals) = postSolution
		SolutionGuid = {99E40874-EF44-43DD-B3CD-249EAE6FB093}
	EndGlobalSection
EndGlobal
