{
  "requires": true,
  "lockfileVersion": 1,
  "dependencies": {
    "animate.js": {
      "version": "1.4.0",
      "resolved": "https://registry.npmjs.org/animate.js/-/animate.js-1.4.0.tgz",
      "integrity": "sha512-gjbo99nxqn7yfzaXrI+4NFF0Q2/k/P4ZxHdPhQd6oDZH8zFPbcM7YNJOTeAgINH2Bv5xU9V1FxXkBQoFgNKBQQ==",
      "dev": true
    }
  }
}
